// !$*UTF8*$!
{
	archiveVersion = 1;
	classes = {
	};
	objectVersion = 50;
	objects = {

/* Begin PBXBuildFile section */
		1540B07026B19D9E00ADA09F /* Tests_iOS.swift in Sources */ = {isa = PBXBuildFile; fileRef = 1540B06F26B19D9E00ADA09F /* Tests_iOS.swift */; };
		1540B07B26B19D9E00ADA09F /* Tests_macOS.swift in Sources */ = {isa = PBXBuildFile; fileRef = 1540B07A26B19D9E00ADA09F /* Tests_macOS.swift */; };
		1540B07D26B19D9E00ADA09F /* StoryBoardIntro.xcdatamodeld in Sources */ = {isa = PBXBuildFile; fileRef = 1540B05126B19D9900ADA09F /* StoryBoardIntro.xcdatamodeld */; };
		1540B07E26B19D9E00ADA09F /* StoryBoardIntro.xcdatamodeld in Sources */ = {isa = PBXBuildFile; fileRef = 1540B05126B19D9900ADA09F /* StoryBoardIntro.xcdatamodeld */; };
		1540B07F26B19D9E00ADA09F /* StoryBoardIntroApp.swift in Sources */ = {isa = PBXBuildFile; fileRef = 1540B05326B19D9900ADA09F /* StoryBoardIntroApp.swift */; };
		1540B08026B19D9E00ADA09F /* StoryBoardIntroApp.swift in Sources */ = {isa = PBXBuildFile; fileRef = 1540B05326B19D9900ADA09F /* StoryBoardIntroApp.swift */; };
		1540B08126B19D9E00ADA09F /* ContentView.swift in Sources */ = {isa = PBXBuildFile; fileRef = 1540B05426B19D9900ADA09F /* ContentView.swift */; };
		1540B08226B19D9E00ADA09F /* ContentView.swift in Sources */ = {isa = PBXBuildFile; fileRef = 1540B05426B19D9900ADA09F /* ContentView.swift */; };
		1540B08326B19D9E00ADA09F /* Persistence.swift in Sources */ = {isa = PBXBuildFile; fileRef = 1540B05526B19D9900ADA09F /* Persistence.swift */; };
		1540B08426B19D9E00ADA09F /* Persistence.swift in Sources */ = {isa = PBXBuildFile; fileRef = 1540B05526B19D9900ADA09F /* Persistence.swift */; };
		1540B08526B19D9E00ADA09F /* Assets.xcassets in Resources */ = {isa = PBXBuildFile; fileRef = 1540B05626B19D9E00ADA09F /* Assets.xcassets */; };
		1540B08626B19D9E00ADA09F /* Assets.xcassets in Resources */ = {isa = PBXBuildFile; fileRef = 1540B05626B19D9E00ADA09F /* Assets.xcassets */; };
/* End PBXBuildFile section */

/* Begin PBXContainerItemProxy section */
		1540B06C26B19D9E00ADA09F /* PBXContainerItemProxy */ = {
			isa = PBXContainerItemProxy;
			containerPortal = 1540B04C26B19D9900ADA09F /* Project object */;
			proxyType = 1;
			remoteGlobalIDString = 1540B05A26B19D9E00ADA09F;
			remoteInfo = "StoryBoardIntro (iOS)";
		};
		1540B07726B19D9E00ADA09F /* PBXContainerItemProxy */ = {
			isa = PBXContainerItemProxy;
			containerPortal = 1540B04C26B19D9900ADA09F /* Project object */;
			proxyType = 1;
			remoteGlobalIDString = 1540B06226B19D9E00ADA09F;
			remoteInfo = "StoryBoardIntro (macOS)";
		};
/* End PBXContainerItemProxy section */

/* Begin PBXFileReference section */
		1540B05226B19D9900ADA09F /* Shared.xcdatamodel */ = {isa = PBXFileReference; lastKnownFileType = wrapper.xcdatamodel; path = Shared.xcdatamodel; sourceTree = "<group>"; };
		1540B05326B19D9900ADA09F /* StoryBoardIntroApp.swift */ = {isa = PBXFileReference; lastKnownFileType = sourcecode.swift; path = StoryBoardIntroApp.swift; sourceTree = "<group>"; };
		1540B05426B19D9900ADA09F /* ContentView.swift */ = {isa = PBXFileReference; lastKnownFileType = sourcecode.swift; path = ContentView.swift; sourceTree = "<group>"; };
		1540B05526B19D9900ADA09F /* Persistence.swift */ = {isa = PBXFileReference; lastKnownFileType = sourcecode.swift; path = Persistence.swift; sourceTree = "<group>"; };
		1540B05626B19D9E00ADA09F /* Assets.xcassets */ = {isa = PBXFileReference; lastKnownFileType = folder.assetcatalog; path = Assets.xcassets; sourceTree = "<group>"; };
		1540B05B26B19D9E00ADA09F /* StoryBoardIntro.app */ = {isa = PBXFileReference; explicitFileType = wrapper.application; includeInIndex = 0; path = StoryBoardIntro.app; sourceTree = BUILT_PRODUCTS_DIR; };
		1540B05E26B19D9E00ADA09F /* Info.plist */ = {isa = PBXFileReference; lastKnownFileType = text.plist.xml; path = Info.plist; sourceTree = "<group>"; };
		1540B06326B19D9E00ADA09F /* StoryBoardIntro.app */ = {isa = PBXFileReference; explicitFileType = wrapper.application; includeInIndex = 0; path = StoryBoardIntro.app; sourceTree = BUILT_PRODUCTS_DIR; };
		1540B06526B19D9E00ADA09F /* Info.plist */ = {isa = PBXFileReference; lastKnownFileType = text.plist.xml; path = Info.plist; sourceTree = "<group>"; };
		1540B06626B19D9E00ADA09F /* macOS.entitlements */ = {isa = PBXFileReference; lastKnownFileType = text.plist.entitlements; path = macOS.entitlements; sourceTree = "<group>"; };
		1540B06B26B19D9E00ADA09F /* Tests iOS.xctest */ = {isa = PBXFileReference; explicitFileType = wrapper.cfbundle; includeInIndex = 0; path = "Tests iOS.xctest"; sourceTree = BUILT_PRODUCTS_DIR; };
		1540B06F26B19D9E00ADA09F /* Tests_iOS.swift */ = {isa = PBXFileReference; lastKnownFileType = sourcecode.swift; path = Tests_iOS.swift; sourceTree = "<group>"; };
		1540B07126B19D9E00ADA09F /* Info.plist */ = {isa = PBXFileReference; lastKnownFileType = text.plist.xml; path = Info.plist; sourceTree = "<group>"; };
		1540B07626B19D9E00ADA09F /* Tests macOS.xctest */ = {isa = PBXFileReference; explicitFileType = wrapper.cfbundle; includeInIndex = 0; path = "Tests macOS.xctest"; sourceTree = BUILT_PRODUCTS_DIR; };
		1540B07A26B19D9E00ADA09F /* Tests_macOS.swift */ = {isa = PBXFileReference; lastKnownFileType = sourcecode.swift; path = Tests_macOS.swift; sourceTree = "<group>"; };
		1540B07C26B19D9E00ADA09F /* Info.plist */ = {isa = PBXFileReference; lastKnownFileType = text.plist.xml; path = Info.plist; sourceTree = "<group>"; };
/* End PBXFileReference section */

/* Begin PBXFrameworksBuildPhase section */
		1540B05826B19D9E00ADA09F /* Frameworks */ = {
			isa = PBXFrameworksBuildPhase;
			buildActionMask = 2147483647;
			files = (
			);
			runOnlyForDeploymentPostprocessing = 0;
		};
		1540B06026B19D9E00ADA09F /* Frameworks */ = {
			isa = PBXFrameworksBuildPhase;
			buildActionMask = 2147483647;
			files = (
			);
			runOnlyForDeploymentPostprocessing = 0;
		};
		1540B06826B19D9E00ADA09F /* Frameworks */ = {
			isa = PBXFrameworksBuildPhase;
			buildActionMask = 2147483647;
			files = (
			);
			runOnlyForDeploymentPostprocessing = 0;
		};
		1540B07326B19D9E00ADA09F /* Frameworks */ = {
			isa = PBXFrameworksBuildPhase;
			buildActionMask = 2147483647;
			files = (
			);
			runOnlyForDeploymentPostprocessing = 0;
		};
/* End PBXFrameworksBuildPhase section */

/* Begin PBXGroup section */
		1540B04B26B19D9900ADA09F = {
			isa = PBXGroup;
			children = (
				1540B05026B19D9900ADA09F /* Shared */,
				1540B05D26B19D9E00ADA09F /* iOS */,
				1540B06426B19D9E00ADA09F /* macOS */,
				1540B06E26B19D9E00ADA09F /* Tests iOS */,
				1540B07926B19D9E00ADA09F /* Tests macOS */,
				1540B05C26B19D9E00ADA09F /* Products */,
			);
			sourceTree = "<group>";
		};
		1540B05026B19D9900ADA09F /* Shared */ = {
			isa = PBXGroup;
			children = (
				1540B05326B19D9900ADA09F /* StoryBoardIntroApp.swift */,
				1540B05426B19D9900ADA09F /* ContentView.swift */,
				1540B05526B19D9900ADA09F /* Persistence.swift */,
				1540B05626B19D9E00ADA09F /* Assets.xcassets */,
				1540B05126B19D9900ADA09F /* StoryBoardIntro.xcdatamodeld */,
			);
			path = Shared;
			sourceTree = "<group>";
		};
		1540B05C26B19D9E00ADA09F /* Products */ = {
			isa = PBXGroup;
			children = (
				1540B05B26B19D9E00ADA09F /* StoryBoardIntro.app */,
				1540B06326B19D9E00ADA09F /* StoryBoardIntro.app */,
				1540B06B26B19D9E00ADA09F /* Tests iOS.xctest */,
				1540B07626B19D9E00ADA09F /* Tests macOS.xctest */,
			);
			name = Products;
			sourceTree = "<group>";
		};
		1540B05D26B19D9E00ADA09F /* iOS */ = {
			isa = PBXGroup;
			children = (
				1540B05E26B19D9E00ADA09F /* Info.plist */,
			);
			path = iOS;
			sourceTree = "<group>";
		};
		1540B06426B19D9E00ADA09F /* macOS */ = {
			isa = PBXGroup;
			children = (
				1540B06526B19D9E00ADA09F /* Info.plist */,
				1540B06626B19D9E00ADA09F /* macOS.entitlements */,
			);
			path = macOS;
			sourceTree = "<group>";
		};
		1540B06E26B19D9E00ADA09F /* Tests iOS */ = {
			isa = PBXGroup;
			children = (
				1540B06F26B19D9E00ADA09F /* Tests_iOS.swift */,
				1540B07126B19D9E00ADA09F /* Info.plist */,
			);
			path = "Tests iOS";
			sourceTree = "<group>";
		};
		1540B07926B19D9E00ADA09F /* Tests macOS */ = {
			isa = PBXGroup;
			children = (
				1540B07A26B19D9E00ADA09F /* Tests_macOS.swift */,
				1540B07C26B19D9E00ADA09F /* Info.plist */,
			);
			path = "Tests macOS";
			sourceTree = "<group>";
		};
/* End PBXGroup section */

/* Begin PBXNativeTarget section */
		1540B05A26B19D9E00ADA09F /* StoryBoardIntro (iOS) */ = {
			isa = PBXNativeTarget;
			buildConfigurationList = 1540B08926B19D9E00ADA09F /* Build configuration list for PBXNativeTarget "StoryBoardIntro (iOS)" */;
			buildPhases = (
				1540B05726B19D9E00ADA09F /* Sources */,
				1540B05826B19D9E00ADA09F /* Frameworks */,
				1540B05926B19D9E00ADA09F /* Resources */,
			);
			buildRules = (
			);
			dependencies = (
			);
			name = "StoryBoardIntro (iOS)";
			productName = "StoryBoardIntro (iOS)";
			productReference = 1540B05B26B19D9E00ADA09F /* StoryBoardIntro.app */;
			productType = "com.apple.product-type.application";
		};
		1540B06226B19D9E00ADA09F /* StoryBoardIntro (macOS) */ = {
			isa = PBXNativeTarget;
			buildConfigurationList = 1540B08C26B19D9E00ADA09F /* Build configuration list for PBXNativeTarget "StoryBoardIntro (macOS)" */;
			buildPhases = (
				1540B05F26B19D9E00ADA09F /* Sources */,
				1540B06026B19D9E00ADA09F /* Frameworks */,
				1540B06126B19D9E00ADA09F /* Resources */,
			);
			buildRules = (
			);
			dependencies = (
			);
			name = "StoryBoardIntro (macOS)";
			productName = "StoryBoardIntro (macOS)";
			productReference = 1540B06326B19D9E00ADA09F /* StoryBoardIntro.app */;
			productType = "com.apple.product-type.application";
		};
		1540B06A26B19D9E00ADA09F /* Tests iOS */ = {
			isa = PBXNativeTarget;
			buildConfigurationList = 1540B08F26B19D9E00ADA09F /* Build configuration list for PBXNativeTarget "Tests iOS" */;
			buildPhases = (
				1540B06726B19D9E00ADA09F /* Sources */,
				1540B06826B19D9E00ADA09F /* Frameworks */,
				1540B06926B19D9E00ADA09F /* Resources */,
			);
			buildRules = (
			);
			dependencies = (
				1540B06D26B19D9E00ADA09F /* PBXTargetDependency */,
			);
			name = "Tests iOS";
			productName = "Tests iOS";
			productReference = 1540B06B26B19D9E00ADA09F /* Tests iOS.xctest */;
			productType = "com.apple.product-type.bundle.ui-testing";
		};
		1540B07526B19D9E00ADA09F /* Tests macOS */ = {
			isa = PBXNativeTarget;
			buildConfigurationList = 1540B09226B19D9E00ADA09F /* Build configuration list for PBXNativeTarget "Tests macOS" */;
			buildPhases = (
				1540B07226B19D9E00ADA09F /* Sources */,
				1540B07326B19D9E00ADA09F /* Frameworks */,
				1540B07426B19D9E00ADA09F /* Resources */,
			);
			buildRules = (
			);
			dependencies = (
				1540B07826B19D9E00ADA09F /* PBXTargetDependency */,
			);
			name = "Tests macOS";
			productName = "Tests macOS";
			productReference = 1540B07626B19D9E00ADA09F /* Tests macOS.xctest */;
			productType = "com.apple.product-type.bundle.ui-testing";
		};
/* End PBXNativeTarget section */

/* Begin PBXProject section */
		1540B04C26B19D9900ADA09F /* Project object */ = {
			isa = PBXProject;
			attributes = {
				LastSwiftUpdateCheck = 1250;
				LastUpgradeCheck = 1250;
				TargetAttributes = {
					1540B05A26B19D9E00ADA09F = {
						CreatedOnToolsVersion = 12.5.1;
					};
					1540B06226B19D9E00ADA09F = {
						CreatedOnToolsVersion = 12.5.1;
					};
					1540B06A26B19D9E00ADA09F = {
						CreatedOnToolsVersion = 12.5.1;
						TestTargetID = 1540B05A26B19D9E00ADA09F;
					};
					1540B07526B19D9E00ADA09F = {
						CreatedOnToolsVersion = 12.5.1;
						TestTargetID = 1540B06226B19D9E00ADA09F;
					};
				};
			};
			buildConfigurationList = 1540B04F26B19D9900ADA09F /* Build configuration list for PBXProject "StoryBoardIntro" */;
			compatibilityVersion = "Xcode 9.3";
			developmentRegion = en;
			hasScannedForEncodings = 0;
			knownRegions = (
				en,
				Base,
			);
			mainGroup = 1540B04B26B19D9900ADA09F;
			productRefGroup = 1540B05C26B19D9E00ADA09F /* Products */;
			projectDirPath = "";
			projectRoot = "";
			targets = (
				1540B05A26B19D9E00ADA09F /* StoryBoardIntro (iOS) */,
				1540B06226B19D9E00ADA09F /* StoryBoardIntro (macOS) */,
				1540B06A26B19D9E00ADA09F /* Tests iOS */,
				1540B07526B19D9E00ADA09F /* Tests macOS */,
			);
		};
/* End PBXProject section */

/* Begin PBXResourcesBuildPhase section */
		1540B05926B19D9E00ADA09F /* Resources */ = {
			isa = PBXResourcesBuildPhase;
			buildActionMask = 2147483647;
			files = (
				1540B08526B19D9E00ADA09F /* Assets.xcassets in Resources */,
			);
			runOnlyForDeploymentPostprocessing = 0;
		};
		1540B06126B19D9E00ADA09F /* Resources */ = {
			isa = PBXResourcesBuildPhase;
			buildActionMask = 2147483647;
			files = (
				1540B08626B19D9E00ADA09F /* Assets.xcassets in Resources */,
			);
			runOnlyForDeploymentPostprocessing = 0;
		};
		1540B06926B19D9E00ADA09F /* Resources */ = {
			isa = PBXResourcesBuildPhase;
			buildActionMask = 2147483647;
			files = (
			);
			runOnlyForDeploymentPostprocessing = 0;
		};
		1540B07426B19D9E00ADA09F /* Resources */ = {
			isa = PBXResourcesBuildPhase;
			buildActionMask = 2147483647;
			files = (
			);
			runOnlyForDeploymentPostprocessing = 0;
		};
/* End PBXResourcesBuildPhase section */

/* Begin PBXSourcesBuildPhase section */
		1540B05726B19D9E00ADA09F /* Sources */ = {
			isa = PBXSourcesBuildPhase;
			buildActionMask = 2147483647;
			files = (
				1540B07D26B19D9E00ADA09F /* StoryBoardIntro.xcdatamodeld in Sources */,
				1540B08326B19D9E00ADA09F /* Persistence.swift in Sources */,
				1540B07F26B19D9E00ADA09F /* StoryBoardIntroApp.swift in Sources */,
				1540B08126B19D9E00ADA09F /* ContentView.swift in Sources */,
			);
			runOnlyForDeploymentPostprocessing = 0;
		};
		1540B05F26B19D9E00ADA09F /* Sources */ = {
			isa = PBXSourcesBuildPhase;
			buildActionMask = 2147483647;
			files = (
				1540B07E26B19D9E00ADA09F /* StoryBoardIntro.xcdatamodeld in Sources */,
				1540B08426B19D9E00ADA09F /* Persistence.swift in Sources */,
				1540B08026B19D9E00ADA09F /* StoryBoardIntroApp.swift in Sources */,
				1540B08226B19D9E00ADA09F /* ContentView.swift in Sources */,
			);
			runOnlyForDeploymentPostprocessing = 0;
		};
		1540B06726B19D9E00ADA09F /* Sources */ = {
			isa = PBXSourcesBuildPhase;
			buildActionMask = 2147483647;
			files = (
				1540B07026B19D9E00ADA09F /* Tests_iOS.swift in Sources */,
			);
			runOnlyForDeploymentPostprocessing = 0;
		};
		1540B07226B19D9E00ADA09F /* Sources */ = {
			isa = PBXSourcesBuildPhase;
			buildActionMask = 2147483647;
			files = (
				1540B07B26B19D9E00ADA09F /* Tests_macOS.swift in Sources */,
			);
			runOnlyForDeploymentPostprocessing = 0;
		};
/* End PBXSourcesBuildPhase section */

/* Begin PBXTargetDependency section */
		1540B06D26B19D9E00ADA09F /* PBXTargetDependency */ = {
			isa = PBXTargetDependency;
			target = 1540B05A26B19D9E00ADA09F /* StoryBoardIntro (iOS) */;
			targetProxy = 1540B06C26B19D9E00ADA09F /* PBXContainerItemProxy */;
		};
		1540B07826B19D9E00ADA09F /* PBXTargetDependency */ = {
			isa = PBXTargetDependency;
			target = 1540B06226B19D9E00ADA09F /* StoryBoardIntro (macOS) */;
			targetProxy = 1540B07726B19D9E00ADA09F /* PBXContainerItemProxy */;
		};
/* End PBXTargetDependency section */

/* Begin XCBuildConfiguration section */
		1540B08726B19D9E00ADA09F /* Debug */ = {
			isa = XCBuildConfiguration;
			buildSettings = {
				ALWAYS_SEARCH_USER_PATHS = NO;
				CLANG_ANALYZER_NONNULL = YES;
				CLANG_ANALYZER_NUMBER_OBJECT_CONVERSION = YES_AGGRESSIVE;
				CLANG_CXX_LANGUAGE_STANDARD = "gnu++14";
				CLANG_CXX_LIBRARY = "libc++";
				CLANG_ENABLE_MODULES = YES;
				CLANG_ENABLE_OBJC_ARC = YES;
				CLANG_ENABLE_OBJC_WEAK = YES;
				CLANG_WARN_BLOCK_CAPTURE_AUTORELEASING = YES;
				CLANG_WARN_BOOL_CONVERSION = YES;
				CLANG_WARN_COMMA = YES;
				CLANG_WARN_CONSTANT_CONVERSION = YES;
				CLANG_WARN_DEPRECATED_OBJC_IMPLEMENTATIONS = YES;
				CLANG_WARN_DIRECT_OBJC_ISA_USAGE = YES_ERROR;
				CLANG_WARN_DOCUMENTATION_COMMENTS = YES;
				CLANG_WARN_EMPTY_BODY = YES;
				CLANG_WARN_ENUM_CONVERSION = YES;
				CLANG_WARN_INFINITE_RECURSION = YES;
				CLANG_WARN_INT_CONVERSION = YES;
				CLANG_WARN_NON_LITERAL_NULL_CONVERSION = YES;
				CLANG_WARN_OBJC_IMPLICIT_RETAIN_SELF = YES;
				CLANG_WARN_OBJC_LITERAL_CONVERSION = YES;
				CLANG_WARN_OBJC_ROOT_CLASS = YES_ERROR;
				CLANG_WARN_QUOTED_INCLUDE_IN_FRAMEWORK_HEADER = YES;
				CLANG_WARN_RANGE_LOOP_ANALYSIS = YES;
				CLANG_WARN_STRICT_PROTOTYPES = YES;
				CLANG_WARN_SUSPICIOUS_MOVE = YES;
				CLANG_WARN_UNGUARDED_AVAILABILITY = YES_AGGRESSIVE;
				CLANG_WARN_UNREACHABLE_CODE = YES;
				CLANG_WARN__DUPLICATE_METHOD_MATCH = YES;
				COPY_PHASE_STRIP = NO;
				DEBUG_INFORMATION_FORMAT = dwarf;
				ENABLE_STRICT_OBJC_MSGSEND = YES;
				ENABLE_TESTABILITY = YES;
				GCC_C_LANGUAGE_STANDARD = gnu11;
				GCC_DYNAMIC_NO_PIC = NO;
				GCC_NO_COMMON_BLOCKS = YES;
				GCC_OPTIMIZATION_LEVEL = 0;
				GCC_PREPROCESSOR_DEFINITIONS = (
					"DEBUG=1",
					"$(inherited)",
				);
				GCC_WARN_64_TO_32_BIT_CONVERSION = YES;
				GCC_WARN_ABOUT_RETURN_TYPE = YES_ERROR;
				GCC_WARN_UNDECLARED_SELECTOR = YES;
				GCC_WARN_UNINITIALIZED_AUTOS = YES_AGGRESSIVE;
				GCC_WARN_UNUSED_FUNCTION = YES;
				GCC_WARN_UNUSED_VARIABLE = YES;
				MTL_ENABLE_DEBUG_INFO = INCLUDE_SOURCE;
				MTL_FAST_MATH = YES;
				ONLY_ACTIVE_ARCH = YES;
				SWIFT_ACTIVE_COMPILATION_CONDITIONS = DEBUG;
				SWIFT_OPTIMIZATION_LEVEL = "-Onone";
			};
			name = Debug;
		};
		1540B08826B19D9E00ADA09F /* Release */ = {
			isa = XCBuildConfiguration;
			buildSettings = {
				ALWAYS_SEARCH_USER_PATHS = NO;
				CLANG_ANALYZER_NONNULL = YES;
				CLANG_ANALYZER_NUMBER_OBJECT_CONVERSION = YES_AGGRESSIVE;
				CLANG_CXX_LANGUAGE_STANDARD = "gnu++14";
				CLANG_CXX_LIBRARY = "libc++";
				CLANG_ENABLE_MODULES = YES;
				CLANG_ENABLE_OBJC_ARC = YES;
				CLANG_ENABLE_OBJC_WEAK = YES;
				CLANG_WARN_BLOCK_CAPTURE_AUTORELEASING = YES;
				CLANG_WARN_BOOL_CONVERSION = YES;
				CLANG_WARN_COMMA = YES;
				CLANG_WARN_CONSTANT_CONVERSION = YES;
				CLANG_WARN_DEPRECATED_OBJC_IMPLEMENTATIONS = YES;
				CLANG_WARN_DIRECT_OBJC_ISA_USAGE = YES_ERROR;
				CLANG_WARN_DOCUMENTATION_COMMENTS = YES;
				CLANG_WARN_EMPTY_BODY = YES;
				CLANG_WARN_ENUM_CONVERSION = YES;
				CLANG_WARN_INFINITE_RECURSION = YES;
				CLANG_WARN_INT_CONVERSION = YES;
				CLANG_WARN_NON_LITERAL_NULL_CONVERSION = YES;
				CLANG_WARN_OBJC_IMPLICIT_RETAIN_SELF = YES;
				CLANG_WARN_OBJC_LITERAL_CONVERSION = YES;
				CLANG_WARN_OBJC_ROOT_CLASS = YES_ERROR;
				CLANG_WARN_QUOTED_INCLUDE_IN_FRAMEWORK_HEADER = YES;
				CLANG_WARN_RANGE_LOOP_ANALYSIS = YES;
				CLANG_WARN_STRICT_PROTOTYPES = YES;
				CLANG_WARN_SUSPICIOUS_MOVE = YES;
				CLANG_WARN_UNGUARDED_AVAILABILITY = YES_AGGRESSIVE;
				CLANG_WARN_UNREACHABLE_CODE = YES;
				CLANG_WARN__DUPLICATE_METHOD_MATCH = YES;
				COPY_PHASE_STRIP = NO;
				DEBUG_INFORMATION_FORMAT = "dwarf-with-dsym";
				ENABLE_NS_ASSERTIONS = NO;
				ENABLE_STRICT_OBJC_MSGSEND = YES;
				GCC_C_LANGUAGE_STANDARD = gnu11;
				GCC_NO_COMMON_BLOCKS = YES;
				GCC_WARN_64_TO_32_BIT_CONVERSION = YES;
				GCC_WARN_ABOUT_RETURN_TYPE = YES_ERROR;
				GCC_WARN_UNDECLARED_SELECTOR = YES;
				GCC_WARN_UNINITIALIZED_AUTOS = YES_AGGRESSIVE;
				GCC_WARN_UNUSED_FUNCTION = YES;
				GCC_WARN_UNUSED_VARIABLE = YES;
				MTL_ENABLE_DEBUG_INFO = NO;
				MTL_FAST_MATH = YES;
				SWIFT_COMPILATION_MODE = wholemodule;
				SWIFT_OPTIMIZATION_LEVEL = "-O";
			};
			name = Release;
		};
		1540B08A26B19D9E00ADA09F /* Debug */ = {
			isa = XCBuildConfiguration;
			buildSettings = {
				ASSETCATALOG_COMPILER_APPICON_NAME = AppIcon;
				ASSETCATALOG_COMPILER_GLOBAL_ACCENT_COLOR_NAME = AccentColor;
				CODE_SIGN_STYLE = Automatic;
				ENABLE_PREVIEWS = YES;
				INFOPLIST_FILE = iOS/Info.plist;
				IPHONEOS_DEPLOYMENT_TARGET = 14.0;
				LD_RUNPATH_SEARCH_PATHS = (
					"$(inherited)",
					"@executable_path/Frameworks",
				);
				PRODUCT_BUNDLE_IDENTIFIER = KWK.StoryBoardIntro;
				PRODUCT_NAME = StoryBoardIntro;
				SDKROOT = iphoneos;
				SWIFT_VERSION = 5.0;
				TARGETED_DEVICE_FAMILY = "1,2";
			};
			name = Debug;
		};
		1540B08B26B19D9E00ADA09F /* Release */ = {
			isa = XCBuildConfiguration;
			buildSettings = {
				ASSETCATALOG_COMPILER_APPICON_NAME = AppIcon;
				ASSETCATALOG_COMPILER_GLOBAL_ACCENT_COLOR_NAME = AccentColor;
				CODE_SIGN_STYLE = Automatic;
				ENABLE_PREVIEWS = YES;
				INFOPLIST_FILE = iOS/Info.plist;
				IPHONEOS_DEPLOYMENT_TARGET = 14.0;
				LD_RUNPATH_SEARCH_PATHS = (
					"$(inherited)",
					"@executable_path/Frameworks",
				);
				PRODUCT_BUNDLE_IDENTIFIER = KWK.StoryBoardIntro;
				PRODUCT_NAME = StoryBoardIntro;
				SDKROOT = iphoneos;
				SWIFT_VERSION = 5.0;
				TARGETED_DEVICE_FAMILY = "1,2";
				VALIDATE_PRODUCT = YES;
			};
			name = Release;
		};
		1540B08D26B19D9E00ADA09F /* Debug */ = {
			isa = XCBuildConfiguration;
			buildSettings = {
				ASSETCATALOG_COMPILER_APPICON_NAME = AppIcon;
				ASSETCATALOG_COMPILER_GLOBAL_ACCENT_COLOR_NAME = AccentColor;
				CODE_SIGN_ENTITLEMENTS = macOS/macOS.entitlements;
				CODE_SIGN_STYLE = Automatic;
				COMBINE_HIDPI_IMAGES = YES;
				ENABLE_PREVIEWS = YES;
				INFOPLIST_FILE = macOS/Info.plist;
				LD_RUNPATH_SEARCH_PATHS = (
					"$(inherited)",
					"@executable_path/../Frameworks",
				);
				MACOSX_DEPLOYMENT_TARGET = 11.0;
				PRODUCT_BUNDLE_IDENTIFIER = KWK.StoryBoardIntro;
				PRODUCT_NAME = StoryBoardIntro;
				SDKROOT = macosx;
				SWIFT_VERSION = 5.0;
			};
			name = Debug;
		};
		1540B08E26B19D9E00ADA09F /* Release */ = {
			isa = XCBuildConfiguration;
			buildSettings = {
				ASSETCATALOG_COMPILER_APPICON_NAME = AppIcon;
				ASSETCATALOG_COMPILER_GLOBAL_ACCENT_COLOR_NAME = AccentColor;
				CODE_SIGN_ENTITLEMENTS = macOS/macOS.entitlements;
				CODE_SIGN_STYLE = Automatic;
				COMBINE_HIDPI_IMAGES = YES;
				ENABLE_PREVIEWS = YES;
				INFOPLIST_FILE = macOS/Info.plist;
				LD_RUNPATH_SEARCH_PATHS = (
					"$(inherited)",
					"@executable_path/../Frameworks",
				);
				MACOSX_DEPLOYMENT_TARGET = 11.0;
				PRODUCT_BUNDLE_IDENTIFIER = KWK.StoryBoardIntro;
				PRODUCT_NAME = StoryBoardIntro;
				SDKROOT = macosx;
				SWIFT_VERSION = 5.0;
			};
			name = Release;
		};
		1540B09026B19D9E00ADA09F /* Debug */ = {
			isa = XCBuildConfiguration;
			buildSettings = {
				ALWAYS_EMBED_SWIFT_STANDARD_LIBRARIES = YES;
				CODE_SIGN_STYLE = Automatic;
				INFOPLIST_FILE = "Tests iOS/Info.plist";
				IPHONEOS_DEPLOYMENT_TARGET = 14.5;
				LD_RUNPATH_SEARCH_PATHS = (
					"$(inherited)",
					"@executable_path/Frameworks",
					"@loader_path/Frameworks",
				);
				PRODUCT_BUNDLE_IDENTIFIER = "KWK.Tests-iOS";
				PRODUCT_NAME = "$(TARGET_NAME)";
				SDKROOT = iphoneos;
				SWIFT_VERSION = 5.0;
				TARGETED_DEVICE_FAMILY = "1,2";
				TEST_TARGET_NAME = "StoryBoardIntro (iOS)";
			};
			name = Debug;
		};
		1540B09126B19D9E00ADA09F /* Release */ = {
			isa = XCBuildConfiguration;
			buildSettings = {
				ALWAYS_EMBED_SWIFT_STANDARD_LIBRARIES = YES;
				CODE_SIGN_STYLE = Automatic;
				INFOPLIST_FILE = "Tests iOS/Info.plist";
				IPHONEOS_DEPLOYMENT_TARGET = 14.5;
				LD_RUNPATH_SEARCH_PATHS = (
					"$(inherited)",
					"@executable_path/Frameworks",
					"@loader_path/Frameworks",
				);
				PRODUCT_BUNDLE_IDENTIFIER = "KWK.Tests-iOS";
				PRODUCT_NAME = "$(TARGET_NAME)";
				SDKROOT = iphoneos;
				SWIFT_VERSION = 5.0;
				TARGETED_DEVICE_FAMILY = "1,2";
				TEST_TARGET_NAME = "StoryBoardIntro (iOS)";
				VALIDATE_PRODUCT = YES;
			};
			name = Release;
		};
		1540B09326B19D9E00ADA09F /* Debug */ = {
			isa = XCBuildConfiguration;
			buildSettings = {
				ALWAYS_EMBED_SWIFT_STANDARD_LIBRARIES = YES;
				CODE_SIGN_STYLE = Automatic;
				COMBINE_HIDPI_IMAGES = YES;
				INFOPLIST_FILE = "Tests macOS/Info.plist";
				LD_RUNPATH_SEARCH_PATHS = (
					"$(inherited)",
					"@executable_path/../Frameworks",
					"@loader_path/../Frameworks",
				);
				MACOSX_DEPLOYMENT_TARGET = 11.1;
				PRODUCT_BUNDLE_IDENTIFIER = "KWK.Tests-macOS";
				PRODUCT_NAME = "$(TARGET_NAME)";
				SDKROOT = macosx;
				SWIFT_VERSION = 5.0;
				TEST_TARGET_NAME = "StoryBoardIntro (macOS)";
			};
			name = Debug;
		};
		1540B09426B19D9E00ADA09F /* Release */ = {
			isa = XCBuildConfiguration;
			buildSettings = {
				ALWAYS_EMBED_SWIFT_STANDARD_LIBRARIES = YES;
				CODE_SIGN_STYLE = Automatic;
				COMBINE_HIDPI_IMAGES = YES;
				INFOPLIST_FILE = "Tests macOS/Info.plist";
				LD_RUNPATH_SEARCH_PATHS = (
					"$(inherited)",
					"@executable_path/../Frameworks",
					"@loader_path/../Frameworks",
				);
				MACOSX_DEPLOYMENT_TARGET = 11.1;
				PRODUCT_BUNDLE_IDENTIFIER = "KWK.Tests-macOS";
				PRODUCT_NAME = "$(TARGET_NAME)";
				SDKROOT = macosx;
				SWIFT_VERSION = 5.0;
				TEST_TARGET_NAME = "StoryBoardIntro (macOS)";
			};
			name = Release;
		};
/* End XCBuildConfiguration section */

/* Begin XCConfigurationList section */
		1540B04F26B19D9900ADA09F /* Build configuration list for PBXProject "StoryBoardIntro" */ = {
			isa = XCConfigurationList;
			buildConfigurations = (
				1540B08726B19D9E00ADA09F /* Debug */,
				1540B08826B19D9E00ADA09F /* Release */,
			);
			defaultConfigurationIsVisible = 0;
			defaultConfigurationName = Release;
		};
		1540B08926B19D9E00ADA09F /* Build configuration list for PBXNativeTarget "StoryBoardIntro (iOS)" */ = {
			isa = XCConfigurationList;
			buildConfigurations = (
				1540B08A26B19D9E00ADA09F /* Debug */,
				1540B08B26B19D9E00ADA09F /* Release */,
			);
			defaultConfigurationIsVisible = 0;
			defaultConfigurationName = Release;
		};
		1540B08C26B19D9E00ADA09F /* Build configuration list for PBXNativeTarget "StoryBoardIntro (macOS)" */ = {
			isa = XCConfigurationList;
			buildConfigurations = (
				1540B08D26B19D9E00ADA09F /* Debug */,
				1540B08E26B19D9E00ADA09F /* Release */,
			);
			defaultConfigurationIsVisible = 0;
			defaultConfigurationName = Release;
		};
		1540B08F26B19D9E00ADA09F /* Build configuration list for PBXNativeTarget "Tests iOS" */ = {
			isa = XCConfigurationList;
			buildConfigurations = (
				1540B09026B19D9E00ADA09F /* Debug */,
				1540B09126B19D9E00ADA09F /* Release */,
			);
			defaultConfigurationIsVisible = 0;
			defaultConfigurationName = Release;
		};
		1540B09226B19D9E00ADA09F /* Build configuration list for PBXNativeTarget "Tests macOS" */ = {
			isa = XCConfigurationList;
			buildConfigurations = (
				1540B09326B19D9E00ADA09F /* Debug */,
				1540B09426B19D9E00ADA09F /* Release */,
			);
			defaultConfigurationIsVisible = 0;
			defaultConfigurationName = Release;
		};
/* End XCConfigurationList section */

/* Begin XCVersionGroup section */
		1540B05126B19D9900ADA09F /* StoryBoardIntro.xcdatamodeld */ = {
			isa = XCVersionGroup;
			children = (
				1540B05226B19D9900ADA09F /* Shared.xcdatamodel */,
			);
			currentVersion = 1540B05226B19D9900ADA09F /* Shared.xcdatamodel */;
			path = StoryBoardIntro.xcdatamodeld;
			sourceTree = "<group>";
			versionGroupType = wrapper.xcdatamodel;
		};
/* End XCVersionGroup section */
	};
	rootObject = 1540B04C26B19D9900ADA09F /* Project object */;
}
