// !$*UTF8*$!
{
	archiveVersion = 1;
	classes = {
	};
	objectVersion = 50;
	objects = {

/* Begin PBXBuildFile section */
		1540B15C26B1D47300ADA09F /* AppDelegate.swift in Sources */ = {isa = PBXBuildFile; fileRef = 1540B15B26B1D47300ADA09F /* AppDelegate.swift */; };
		1540B15E26B1D47300ADA09F /* SceneDelegate.swift in Sources */ = {isa = PBXBuildFile; fileRef = 1540B15D26B1D47300ADA09F /* SceneDelegate.swift */; };
		1540B16026B1D47300ADA09F /* ViewController.swift in Sources */ = {isa = PBXBuildFile; fileRef = 1540B15F26B1D47300ADA09F /* ViewController.swift */; };
		1540B16326B1D47400ADA09F /* Main.storyboard in Resources */ = {isa = PBXBuildFile; fileRef = 1540B16126B1D47300ADA09F /* Main.storyboard */; };
		1540B16626B1D47400ADA09F /* MiniProject1.xcdatamodeld in Sources */ = {isa = PBXBuildFile; fileRef = 1540B16426B1D47400ADA09F /* MiniProject1.xcdatamodeld */; };
		1540B16826B1D47700ADA09F /* Assets.xcassets in Resources */ = {isa = PBXBuildFile; fileRef = 1540B16726B1D47700ADA09F /* Assets.xcassets */; };
		1540B16B26B1D47700ADA09F /* LaunchScreen.storyboard in Resources */ = {isa = PBXBuildFile; fileRef = 1540B16926B1D47700ADA09F /* LaunchScreen.storyboard */; };
		1540B17626B1D47800ADA09F /* MiniProject1Tests.swift in Sources */ = {isa = PBXBuildFile; fileRef = 1540B17526B1D47800ADA09F /* MiniProject1Tests.swift */; };
		1540B18126B1D47800ADA09F /* MiniProject1UITests.swift in Sources */ = {isa = PBXBuildFile; fileRef = 1540B18026B1D47800ADA09F /* MiniProject1UITests.swift */; };
		1540B18F26B1D87300ADA09F /* girlboss.jpg in Resources */ = {isa = PBXBuildFile; fileRef = 1540B18E26B1D87300ADA09F /* girlboss.jpg */; };
/* End PBXBuildFile section */

/* Begin PBXContainerItemProxy section */
		1540B17226B1D47800ADA09F /* PBXContainerItemProxy */ = {
			isa = PBXContainerItemProxy;
			containerPortal = 1540B15026B1D47300ADA09F /* Project object */;
			proxyType = 1;
			remoteGlobalIDString = 1540B15726B1D47300ADA09F;
			remoteInfo = MiniProject1;
		};
		1540B17D26B1D47800ADA09F /* PBXContainerItemProxy */ = {
			isa = PBXContainerItemProxy;
			containerPortal = 1540B15026B1D47300ADA09F /* Project object */;
			proxyType = 1;
			remoteGlobalIDString = 1540B15726B1D47300ADA09F;
			remoteInfo = MiniProject1;
		};
/* End PBXContainerItemProxy section */

/* Begin PBXFileReference section */
		1540B15826B1D47300ADA09F /* MiniProject1.app */ = {isa = PBXFileReference; explicitFileType = wrapper.application; includeInIndex = 0; path = MiniProject1.app; sourceTree = BUILT_PRODUCTS_DIR; };
		1540B15B26B1D47300ADA09F /* AppDelegate.swift */ = {isa = PBXFileReference; lastKnownFileType = sourcecode.swift; path = AppDelegate.swift; sourceTree = "<group>"; };
		1540B15D26B1D47300ADA09F /* SceneDelegate.swift */ = {isa = PBXFileReference; lastKnownFileType = sourcecode.swift; path = SceneDelegate.swift; sourceTree = "<group>"; };
		1540B15F26B1D47300ADA09F /* ViewController.swift */ = {isa = PBXFileReference; lastKnownFileType = sourcecode.swift; path = ViewController.swift; sourceTree = "<group>"; };
		1540B16226B1D47400ADA09F /* Base */ = {isa = PBXFileReference; lastKnownFileType = file.storyboard; name = Base; path = Base.lproj/Main.storyboard; sourceTree = "<group>"; };
		1540B16526B1D47400ADA09F /* MiniProject1.xcdatamodel */ = {isa = PBXFileReference; lastKnownFileType = wrapper.xcdatamodel; path = MiniProject1.xcdatamodel; sourceTree = "<group>"; };
		1540B16726B1D47700ADA09F /* Assets.xcassets */ = {isa = PBXFileReference; lastKnownFileType = folder.assetcatalog; path = Assets.xcassets; sourceTree = "<group>"; };
		1540B16A26B1D47700ADA09F /* Base */ = {isa = PBXFileReference; lastKnownFileType = file.storyboard; name = Base; path = Base.lproj/LaunchScreen.storyboard; sourceTree = "<group>"; };
		1540B16C26B1D47700ADA09F /* Info.plist */ = {isa = PBXFileReference; lastKnownFileType = text.plist.xml; path = Info.plist; sourceTree = "<group>"; };
		1540B17126B1D47800ADA09F /* MiniProject1Tests.xctest */ = {isa = PBXFileReference; explicitFileType = wrapper.cfbundle; includeInIndex = 0; path = MiniProject1Tests.xctest; sourceTree = BUILT_PRODUCTS_DIR; };
		1540B17526B1D47800ADA09F /* MiniProject1Tests.swift */ = {isa = PBXFileReference; lastKnownFileType = sourcecode.swift; path = MiniProject1Tests.swift; sourceTree = "<group>"; };
		1540B17726B1D47800ADA09F /* Info.plist */ = {isa = PBXFileReference; lastKnownFileType = text.plist.xml; path = Info.plist; sourceTree = "<group>"; };
		1540B17C26B1D47800ADA09F /* MiniProject1UITests.xctest */ = {isa = PBXFileReference; explicitFileType = wrapper.cfbundle; includeInIndex = 0; path = MiniProject1UITests.xctest; sourceTree = BUILT_PRODUCTS_DIR; };
		1540B18026B1D47800ADA09F /* MiniProject1UITests.swift */ = {isa = PBXFileReference; lastKnownFileType = sourcecode.swift; path = MiniProject1UITests.swift; sourceTree = "<group>"; };
		1540B18226B1D47800ADA09F /* Info.plist */ = {isa = PBXFileReference; lastKnownFileType = text.plist.xml; path = Info.plist; sourceTree = "<group>"; };
		1540B18E26B1D87300ADA09F /* girlboss.jpg */ = {isa = PBXFileReference; lastKnownFileType = image.jpeg; name = girlboss.jpg; path = ../../../girlboss.jpg; sourceTree = "<group>"; };
/* End PBXFileReference section */

/* Begin PBXFrameworksBuildPhase section */
		1540B15526B1D47300ADA09F /* Frameworks */ = {
			isa = PBXFrameworksBuildPhase;
			buildActionMask = 2147483647;
			files = (
			);
			runOnlyForDeploymentPostprocessing = 0;
		};
		1540B16E26B1D47800ADA09F /* Frameworks */ = {
			isa = PBXFrameworksBuildPhase;
			buildActionMask = 2147483647;
			files = (
			);
			runOnlyForDeploymentPostprocessing = 0;
		};
		1540B17926B1D47800ADA09F /* Frameworks */ = {
			isa = PBXFrameworksBuildPhase;
			buildActionMask = 2147483647;
			files = (
			);
			runOnlyForDeploymentPostprocessing = 0;
		};
/* End PBXFrameworksBuildPhase section */

/* Begin PBXGroup section */
		1540B14F26B1D47300ADA09F = {
			isa = PBXGroup;
			children = (
				1540B15A26B1D47300ADA09F /* MiniProject1 */,
				1540B17426B1D47800ADA09F /* MiniProject1Tests */,
				1540B17F26B1D47800ADA09F /* MiniProject1UITests */,
				1540B15926B1D47300ADA09F /* Products */,
			);
			sourceTree = "<group>";
		};
		1540B15926B1D47300ADA09F /* Products */ = {
			isa = PBXGroup;
			children = (
				1540B15826B1D47300ADA09F /* MiniProject1.app */,
				1540B17126B1D47800ADA09F /* MiniProject1Tests.xctest */,
				1540B17C26B1D47800ADA09F /* MiniProject1UITests.xctest */,
			);
			name = Products;
			sourceTree = "<group>";
		};
		1540B15A26B1D47300ADA09F /* MiniProject1 */ = {
			isa = PBXGroup;
			children = (
				1540B15B26B1D47300ADA09F /* AppDelegate.swift */,
				1540B15D26B1D47300ADA09F /* SceneDelegate.swift */,
				1540B15F26B1D47300ADA09F /* ViewController.swift */,
				1540B16126B1D47300ADA09F /* Main.storyboard */,
				1540B16726B1D47700ADA09F /* Assets.xcassets */,
				1540B18E26B1D87300ADA09F /* girlboss.jpg */,
				1540B16926B1D47700ADA09F /* LaunchScreen.storyboard */,
				1540B16C26B1D47700ADA09F /* Info.plist */,
				1540B16426B1D47400ADA09F /* MiniProject1.xcdatamodeld */,
			);
			path = MiniProject1;
			sourceTree = "<group>";
		};
		1540B17426B1D47800ADA09F /* MiniProject1Tests */ = {
			isa = PBXGroup;
			children = (
				1540B17526B1D47800ADA09F /* MiniProject1Tests.swift */,
				1540B17726B1D47800ADA09F /* Info.plist */,
			);
			path = MiniProject1Tests;
			sourceTree = "<group>";
		};
		1540B17F26B1D47800ADA09F /* MiniProject1UITests */ = {
			isa = PBXGroup;
			children = (
				1540B18026B1D47800ADA09F /* MiniProject1UITests.swift */,
				1540B18226B1D47800ADA09F /* Info.plist */,
			);
			path = MiniProject1UITests;
			sourceTree = "<group>";
		};
/* End PBXGroup section */

/* Begin PBXNativeTarget section */
		1540B15726B1D47300ADA09F /* MiniProject1 */ = {
			isa = PBXNativeTarget;
			buildConfigurationList = 1540B18526B1D47800ADA09F /* Build configuration list for PBXNativeTarget "MiniProject1" */;
			buildPhases = (
				1540B15426B1D47300ADA09F /* Sources */,
				1540B15526B1D47300ADA09F /* Frameworks */,
				1540B15626B1D47300ADA09F /* Resources */,
			);
			buildRules = (
			);
			dependencies = (
			);
			name = MiniProject1;
			productName = MiniProject1;
			productReference = 1540B15826B1D47300ADA09F /* MiniProject1.app */;
			productType = "com.apple.product-type.application";
		};
		1540B17026B1D47800ADA09F /* MiniProject1Tests */ = {
			isa = PBXNativeTarget;
			buildConfigurationList = 1540B18826B1D47800ADA09F /* Build configuration list for PBXNativeTarget "MiniProject1Tests" */;
			buildPhases = (
				1540B16D26B1D47800ADA09F /* Sources */,
				1540B16E26B1D47800ADA09F /* Frameworks */,
				1540B16F26B1D47800ADA09F /* Resources */,
			);
			buildRules = (
			);
			dependencies = (
				1540B17326B1D47800ADA09F /* PBXTargetDependency */,
			);
			name = MiniProject1Tests;
			productName = MiniProject1Tests;
			productReference = 1540B17126B1D47800ADA09F /* MiniProject1Tests.xctest */;
			productType = "com.apple.product-type.bundle.unit-test";
		};
		1540B17B26B1D47800ADA09F /* MiniProject1UITests */ = {
			isa = PBXNativeTarget;
			buildConfigurationList = 1540B18B26B1D47800ADA09F /* Build configuration list for PBXNativeTarget "MiniProject1UITests" */;
			buildPhases = (
				1540B17826B1D47800ADA09F /* Sources */,
				1540B17926B1D47800ADA09F /* Frameworks */,
				1540B17A26B1D47800ADA09F /* Resources */,
			);
			buildRules = (
			);
			dependencies = (
				1540B17E26B1D47800ADA09F /* PBXTargetDependency */,
			);
			name = MiniProject1UITests;
			productName = MiniProject1UITests;
			productReference = 1540B17C26B1D47800ADA09F /* MiniProject1UITests.xctest */;
			productType = "com.apple.product-type.bundle.ui-testing";
		};
/* End PBXNativeTarget section */

/* Begin PBXProject section */
		1540B15026B1D47300ADA09F /* Project object */ = {
			isa = PBXProject;
			attributes = {
				LastSwiftUpdateCheck = 1250;
				LastUpgradeCheck = 1250;
				TargetAttributes = {
					1540B15726B1D47300ADA09F = {
						CreatedOnToolsVersion = 12.5.1;
					};
					1540B17026B1D47800ADA09F = {
						CreatedOnToolsVersion = 12.5.1;
						TestTargetID = 1540B15726B1D47300ADA09F;
					};
					1540B17B26B1D47800ADA09F = {
						CreatedOnToolsVersion = 12.5.1;
						TestTargetID = 1540B15726B1D47300ADA09F;
					};
				};
			};
			buildConfigurationList = 1540B15326B1D47300ADA09F /* Build configuration list for PBXProject "MiniProject1" */;
			compatibilityVersion = "Xcode 9.3";
			developmentRegion = en;
			hasScannedForEncodings = 0;
			knownRegions = (
				en,
				Base,
			);
			mainGroup = 1540B14F26B1D47300ADA09F;
			productRefGroup = 1540B15926B1D47300ADA09F /* Products */;
			projectDirPath = "";
			projectRoot = "";
			targets = (
				1540B15726B1D47300ADA09F /* MiniProject1 */,
				1540B17026B1D47800ADA09F /* MiniProject1Tests */,
				1540B17B26B1D47800ADA09F /* MiniProject1UITests */,
			);
		};
/* End PBXProject section */

/* Begin PBXResourcesBuildPhase section */
		1540B15626B1D47300ADA09F /* Resources */ = {
			isa = PBXResourcesBuildPhase;
			buildActionMask = 2147483647;
			files = (
				1540B18F26B1D87300ADA09F /* girlboss.jpg in Resources */,
				1540B16B26B1D47700ADA09F /* LaunchScreen.storyboard in Resources */,
				1540B16826B1D47700ADA09F /* Assets.xcassets in Resources */,
				1540B16326B1D47400ADA09F /* Main.storyboard in Resources */,
			);
			runOnlyForDeploymentPostprocessing = 0;
		};
		1540B16F26B1D47800ADA09F /* Resources */ = {
			isa = PBXResourcesBuildPhase;
			buildActionMask = 2147483647;
			files = (
			);
			runOnlyForDeploymentPostprocessing = 0;
		};
		1540B17A26B1D47800ADA09F /* Resources */ = {
			isa = PBXResourcesBuildPhase;
			buildActionMask = 2147483647;
			files = (
			);
			runOnlyForDeploymentPostprocessing = 0;
		};
/* End PBXResourcesBuildPhase section */

/* Begin PBXSourcesBuildPhase section */
		1540B15426B1D47300ADA09F /* Sources */ = {
			isa = PBXSourcesBuildPhase;
			buildActionMask = 2147483647;
			files = (
				1540B16026B1D47300ADA09F /* ViewController.swift in Sources */,
				1540B15C26B1D47300ADA09F /* AppDelegate.swift in Sources */,
				1540B16626B1D47400ADA09F /* MiniProject1.xcdatamodeld in Sources */,
				1540B15E26B1D47300ADA09F /* SceneDelegate.swift in Sources */,
			);
			runOnlyForDeploymentPostprocessing = 0;
		};
		1540B16D26B1D47800ADA09F /* Sources */ = {
			isa = PBXSourcesBuildPhase;
			buildActionMask = 2147483647;
			files = (
				1540B17626B1D47800ADA09F /* MiniProject1Tests.swift in Sources */,
			);
			runOnlyForDeploymentPostprocessing = 0;
		};
		1540B17826B1D47800ADA09F /* Sources */ = {
			isa = PBXSourcesBuildPhase;
			buildActionMask = 2147483647;
			files = (
				1540B18126B1D47800ADA09F /* MiniProject1UITests.swift in Sources */,
			);
			runOnlyForDeploymentPostprocessing = 0;
		};
/* End PBXSourcesBuildPhase section */

/* Begin PBXTargetDependency section */
		1540B17326B1D47800ADA09F /* PBXTargetDependency */ = {
			isa = PBXTargetDependency;
			target = 1540B15726B1D47300ADA09F /* MiniProject1 */;
			targetProxy = 1540B17226B1D47800ADA09F /* PBXContainerItemProxy */;
		};
		1540B17E26B1D47800ADA09F /* PBXTargetDependency */ = {
			isa = PBXTargetDependency;
			target = 1540B15726B1D47300ADA09F /* MiniProject1 */;
			targetProxy = 1540B17D26B1D47800ADA09F /* PBXContainerItemProxy */;
		};
/* End PBXTargetDependency section */

/* Begin PBXVariantGroup section */
		1540B16126B1D47300ADA09F /* Main.storyboard */ = {
			isa = PBXVariantGroup;
			children = (
				1540B16226B1D47400ADA09F /* Base */,
			);
			name = Main.storyboard;
			sourceTree = "<group>";
		};
		1540B16926B1D47700ADA09F /* LaunchScreen.storyboard */ = {
			isa = PBXVariantGroup;
			children = (
				1540B16A26B1D47700ADA09F /* Base */,
			);
			name = LaunchScreen.storyboard;
			sourceTree = "<group>";
		};
/* End PBXVariantGroup section */

/* Begin XCBuildConfiguration section */
		1540B18326B1D47800ADA09F /* Debug */ = {
			isa = XCBuildConfiguration;
			buildSettings = {
				ALWAYS_SEARCH_USER_PATHS = NO;
				CLANG_ANALYZER_NONNULL = YES;
				CLANG_ANALYZER_NUMBER_OBJECT_CONVERSION = YES_AGGRESSIVE;
				CLANG_CXX_LANGUAGE_STANDARD = "gnu++14";
				CLANG_CXX_LIBRARY = "libc++";
				CLANG_ENABLE_MODULES = YES;
				CLANG_ENABLE_OBJC_ARC = YES;
				CLANG_ENABLE_OBJC_WEAK = YES;
				CLANG_WARN_BLOCK_CAPTURE_AUTORELEASING = YES;
				CLANG_WARN_BOOL_CONVERSION = YES;
				CLANG_WARN_COMMA = YES;
				CLANG_WARN_CONSTANT_CONVERSION = YES;
				CLANG_WARN_DEPRECATED_OBJC_IMPLEMENTATIONS = YES;
				CLANG_WARN_DIRECT_OBJC_ISA_USAGE = YES_ERROR;
				CLANG_WARN_DOCUMENTATION_COMMENTS = YES;
				CLANG_WARN_EMPTY_BODY = YES;
				CLANG_WARN_ENUM_CONVERSION = YES;
				CLANG_WARN_INFINITE_RECURSION = YES;
				CLANG_WARN_INT_CONVERSION = YES;
				CLANG_WARN_NON_LITERAL_NULL_CONVERSION = YES;
				CLANG_WARN_OBJC_IMPLICIT_RETAIN_SELF = YES;
				CLANG_WARN_OBJC_LITERAL_CONVERSION = YES;
				CLANG_WARN_OBJC_ROOT_CLASS = YES_ERROR;
				CLANG_WARN_QUOTED_INCLUDE_IN_FRAMEWORK_HEADER = YES;
				CLANG_WARN_RANGE_LOOP_ANALYSIS = YES;
				CLANG_WARN_STRICT_PROTOTYPES = YES;
				CLANG_WARN_SUSPICIOUS_MOVE = YES;
				CLANG_WARN_UNGUARDED_AVAILABILITY = YES_AGGRESSIVE;
				CLANG_WARN_UNREACHABLE_CODE = YES;
				CLANG_WARN__DUPLICATE_METHOD_MATCH = YES;
				COPY_PHASE_STRIP = NO;
				DEBUG_INFORMATION_FORMAT = dwarf;
				ENABLE_STRICT_OBJC_MSGSEND = YES;
				ENABLE_TESTABILITY = YES;
				GCC_C_LANGUAGE_STANDARD = gnu11;
				GCC_DYNAMIC_NO_PIC = NO;
				GCC_NO_COMMON_BLOCKS = YES;
				GCC_OPTIMIZATION_LEVEL = 0;
				GCC_PREPROCESSOR_DEFINITIONS = (
					"DEBUG=1",
					"$(inherited)",
				);
				GCC_WARN_64_TO_32_BIT_CONVERSION = YES;
				GCC_WARN_ABOUT_RETURN_TYPE = YES_ERROR;
				GCC_WARN_UNDECLARED_SELECTOR = YES;
				GCC_WARN_UNINITIALIZED_AUTOS = YES_AGGRESSIVE;
				GCC_WARN_UNUSED_FUNCTION = YES;
				GCC_WARN_UNUSED_VARIABLE = YES;
				IPHONEOS_DEPLOYMENT_TARGET = 14.5;
				MTL_ENABLE_DEBUG_INFO = INCLUDE_SOURCE;
				MTL_FAST_MATH = YES;
				ONLY_ACTIVE_ARCH = YES;
				SDKROOT = iphoneos;
				SWIFT_ACTIVE_COMPILATION_CONDITIONS = DEBUG;
				SWIFT_OPTIMIZATION_LEVEL = "-Onone";
			};
			name = Debug;
		};
		1540B18426B1D47800ADA09F /* Release */ = {
			isa = XCBuildConfiguration;
			buildSettings = {
				ALWAYS_SEARCH_USER_PATHS = NO;
				CLANG_ANALYZER_NONNULL = YES;
				CLANG_ANALYZER_NUMBER_OBJECT_CONVERSION = YES_AGGRESSIVE;
				CLANG_CXX_LANGUAGE_STANDARD = "gnu++14";
				CLANG_CXX_LIBRARY = "libc++";
				CLANG_ENABLE_MODULES = YES;
				CLANG_ENABLE_OBJC_ARC = YES;
				CLANG_ENABLE_OBJC_WEAK = YES;
				CLANG_WARN_BLOCK_CAPTURE_AUTORELEASING = YES;
				CLANG_WARN_BOOL_CONVERSION = YES;
				CLANG_WARN_COMMA = YES;
				CLANG_WARN_CONSTANT_CONVERSION = YES;
				CLANG_WARN_DEPRECATED_OBJC_IMPLEMENTATIONS = YES;
				CLANG_WARN_DIRECT_OBJC_ISA_USAGE = YES_ERROR;
				CLANG_WARN_DOCUMENTATION_COMMENTS = YES;
				CLANG_WARN_EMPTY_BODY = YES;
				CLANG_WARN_ENUM_CONVERSION = YES;
				CLANG_WARN_INFINITE_RECURSION = YES;
				CLANG_WARN_INT_CONVERSION = YES;
				CLANG_WARN_NON_LITERAL_NULL_CONVERSION = YES;
				CLANG_WARN_OBJC_IMPLICIT_RETAIN_SELF = YES;
				CLANG_WARN_OBJC_LITERAL_CONVERSION = YES;
				CLANG_WARN_OBJC_ROOT_CLASS = YES_ERROR;
				CLANG_WARN_QUOTED_INCLUDE_IN_FRAMEWORK_HEADER = YES;
				CLANG_WARN_RANGE_LOOP_ANALYSIS = YES;
				CLANG_WARN_STRICT_PROTOTYPES = YES;
				CLANG_WARN_SUSPICIOUS_MOVE = YES;
				CLANG_WARN_UNGUARDED_AVAILABILITY = YES_AGGRESSIVE;
				CLANG_WARN_UNREACHABLE_CODE = YES;
				CLANG_WARN__DUPLICATE_METHOD_MATCH = YES;
				COPY_PHASE_STRIP = NO;
				DEBUG_INFORMATION_FORMAT = "dwarf-with-dsym";
				ENABLE_NS_ASSERTIONS = NO;
				ENABLE_STRICT_OBJC_MSGSEND = YES;
				GCC_C_LANGUAGE_STANDARD = gnu11;
				GCC_NO_COMMON_BLOCKS = YES;
				GCC_WARN_64_TO_32_BIT_CONVERSION = YES;
				GCC_WARN_ABOUT_RETURN_TYPE = YES_ERROR;
				GCC_WARN_UNDECLARED_SELECTOR = YES;
				GCC_WARN_UNINITIALIZED_AUTOS = YES_AGGRESSIVE;
				GCC_WARN_UNUSED_FUNCTION = YES;
				GCC_WARN_UNUSED_VARIABLE = YES;
				IPHONEOS_DEPLOYMENT_TARGET = 14.5;
				MTL_ENABLE_DEBUG_INFO = NO;
				MTL_FAST_MATH = YES;
				SDKROOT = iphoneos;
				SWIFT_COMPILATION_MODE = wholemodule;
				SWIFT_OPTIMIZATION_LEVEL = "-O";
				VALIDATE_PRODUCT = YES;
			};
			name = Release;
		};
		1540B18626B1D47800ADA09F /* Debug */ = {
			isa = XCBuildConfiguration;
			buildSettings = {
				ASSETCATALOG_COMPILER_APPICON_NAME = AppIcon;
				ASSETCATALOG_COMPILER_GLOBAL_ACCENT_COLOR_NAME = AccentColor;
				CODE_SIGN_STYLE = Automatic;
				INFOPLIST_FILE = MiniProject1/Info.plist;
				LD_RUNPATH_SEARCH_PATHS = (
					"$(inherited)",
					"@executable_path/Frameworks",
				);
				PRODUCT_BUNDLE_IDENTIFIER = KWK.MiniProject1;
				PRODUCT_NAME = "$(TARGET_NAME)";
				SWIFT_VERSION = 5.0;
				TARGETED_DEVICE_FAMILY = "1,2";
			};
			name = Debug;
		};
		1540B18726B1D47800ADA09F /* Release */ = {
			isa = XCBuildConfiguration;
			buildSettings = {
				ASSETCATALOG_COMPILER_APPICON_NAME = AppIcon;
				ASSETCATALOG_COMPILER_GLOBAL_ACCENT_COLOR_NAME = AccentColor;
				CODE_SIGN_STYLE = Automatic;
				INFOPLIST_FILE = MiniProject1/Info.plist;
				LD_RUNPATH_SEARCH_PATHS = (
					"$(inherited)",
					"@executable_path/Frameworks",
				);
				PRODUCT_BUNDLE_IDENTIFIER = KWK.MiniProject1;
				PRODUCT_NAME = "$(TARGET_NAME)";
				SWIFT_VERSION = 5.0;
				TARGETED_DEVICE_FAMILY = "1,2";
			};
			name = Release;
		};
		1540B18926B1D47800ADA09F /* Debug */ = {
			isa = XCBuildConfiguration;
			buildSettings = {
				ALWAYS_EMBED_SWIFT_STANDARD_LIBRARIES = YES;
				BUNDLE_LOADER = "$(TEST_HOST)";
				CODE_SIGN_STYLE = Automatic;
				INFOPLIST_FILE = MiniProject1Tests/Info.plist;
				IPHONEOS_DEPLOYMENT_TARGET = 14.5;
				LD_RUNPATH_SEARCH_PATHS = (
					"$(inherited)",
					"@executable_path/Frameworks",
					"@loader_path/Frameworks",
				);
				PRODUCT_BUNDLE_IDENTIFIER = KWK.MiniProject1Tests;
				PRODUCT_NAME = "$(TARGET_NAME)";
				SWIFT_VERSION = 5.0;
				TARGETED_DEVICE_FAMILY = "1,2";
				TEST_HOST = "$(BUILT_PRODUCTS_DIR)/MiniProject1.app/MiniProject1";
			};
			name = Debug;
		};
		1540B18A26B1D47800ADA09F /* Release */ = {
			isa = XCBuildConfiguration;
			buildSettings = {
				ALWAYS_EMBED_SWIFT_STANDARD_LIBRARIES = YES;
				BUNDLE_LOADER = "$(TEST_HOST)";
				CODE_SIGN_STYLE = Automatic;
				INFOPLIST_FILE = MiniProject1Tests/Info.plist;
				IPHONEOS_DEPLOYMENT_TARGET = 14.5;
				LD_RUNPATH_SEARCH_PATHS = (
					"$(inherited)",
					"@executable_path/Frameworks",
					"@loader_path/Frameworks",
				);
				PRODUCT_BUNDLE_IDENTIFIER = KWK.MiniProject1Tests;
				PRODUCT_NAME = "$(TARGET_NAME)";
				SWIFT_VERSION = 5.0;
				TARGETED_DEVICE_FAMILY = "1,2";
				TEST_HOST = "$(BUILT_PRODUCTS_DIR)/MiniProject1.app/MiniProject1";
			};
			name = Release;
		};
		1540B18C26B1D47800ADA09F /* Debug */ = {
			isa = XCBuildConfiguration;
			buildSettings = {
				ALWAYS_EMBED_SWIFT_STANDARD_LIBRARIES = YES;
				CODE_SIGN_STYLE = Automatic;
				INFOPLIST_FILE = MiniProject1UITests/Info.plist;
				LD_RUNPATH_SEARCH_PATHS = (
					"$(inherited)",
					"@executable_path/Frameworks",
					"@loader_path/Frameworks",
				);
				PRODUCT_BUNDLE_IDENTIFIER = KWK.MiniProject1UITests;
				PRODUCT_NAME = "$(TARGET_NAME)";
				SWIFT_VERSION = 5.0;
				TARGETED_DEVICE_FAMILY = "1,2";
				TEST_TARGET_NAME = MiniProject1;
			};
			name = Debug;
		};
		1540B18D26B1D47800ADA09F /* Release */ = {
			isa = XCBuildConfiguration;
			buildSettings = {
				ALWAYS_EMBED_SWIFT_STANDARD_LIBRARIES = YES;
				CODE_SIGN_STYLE = Automatic;
				INFOPLIST_FILE = MiniProject1UITests/Info.plist;
				LD_RUNPATH_SEARCH_PATHS = (
					"$(inherited)",
					"@executable_path/Frameworks",
					"@loader_path/Frameworks",
				);
				PRODUCT_BUNDLE_IDENTIFIER = KWK.MiniProject1UITests;
				PRODUCT_NAME = "$(TARGET_NAME)";
				SWIFT_VERSION = 5.0;
				TARGETED_DEVICE_FAMILY = "1,2";
				TEST_TARGET_NAME = MiniProject1;
			};
			name = Release;
		};
/* End XCBuildConfiguration section */

/* Begin XCConfigurationList section */
		1540B15326B1D47300ADA09F /* Build configuration list for PBXProject "MiniProject1" */ = {
			isa = XCConfigurationList;
			buildConfigurations = (
				1540B18326B1D47800ADA09F /* Debug */,
				1540B18426B1D47800ADA09F /* Release */,
			);
			defaultConfigurationIsVisible = 0;
			defaultConfigurationName = Release;
		};
		1540B18526B1D47800ADA09F /* Build configuration list for PBXNativeTarget "MiniProject1" */ = {
			isa = XCConfigurationList;
			buildConfigurations = (
				1540B18626B1D47800ADA09F /* Debug */,
				1540B18726B1D47800ADA09F /* Release */,
			);
			defaultConfigurationIsVisible = 0;
			defaultConfigurationName = Release;
		};
		1540B18826B1D47800ADA09F /* Build configuration list for PBXNativeTarget "MiniProject1Tests" */ = {
			isa = XCConfigurationList;
			buildConfigurations = (
				1540B18926B1D47800ADA09F /* Debug */,
				1540B18A26B1D47800ADA09F /* Release */,
			);
			defaultConfigurationIsVisible = 0;
			defaultConfigurationName = Release;
		};
		1540B18B26B1D47800ADA09F /* Build configuration list for PBXNativeTarget "MiniProject1UITests" */ = {
			isa = XCConfigurationList;
			buildConfigurations = (
				1540B18C26B1D47800ADA09F /* Debug */,
				1540B18D26B1D47800ADA09F /* Release */,
			);
			defaultConfigurationIsVisible = 0;
			defaultConfigurationName = Release;
		};
/* End XCConfigurationList section */

/* Begin XCVersionGroup section */
		1540B16426B1D47400ADA09F /* MiniProject1.xcdatamodeld */ = {
			isa = XCVersionGroup;
			children = (
				1540B16526B1D47400ADA09F /* MiniProject1.xcdatamodel */,
			);
			currentVersion = 1540B16526B1D47400ADA09F /* MiniProject1.xcdatamodel */;
			path = MiniProject1.xcdatamodeld;
			sourceTree = "<group>";
			versionGroupType = wrapper.xcdatamodel;
		};
/* End XCVersionGroup section */
	};
	rootObject = 1540B15026B1D47300ADA09F /* Project object */;
}
