// !$*UTF8*$!
{
	archiveVersion = 1;
	classes = {
	};
	objectVersion = 50;
	objects = {

/* Begin PBXBuildFile section */
		1540B11D26B1CA2C00ADA09F /* AppDelegate.swift in Sources */ = {isa = PBXBuildFile; fileRef = 1540B11C26B1CA2C00ADA09F /* AppDelegate.swift */; };
		1540B11F26B1CA2C00ADA09F /* SceneDelegate.swift in Sources */ = {isa = PBXBuildFile; fileRef = 1540B11E26B1CA2C00ADA09F /* SceneDelegate.swift */; };
		1540B12126B1CA2C00ADA09F /* ViewController.swift in Sources */ = {isa = PBXBuildFile; fileRef = 1540B12026B1CA2C00ADA09F /* ViewController.swift */; };
		1540B12426B1CA2C00ADA09F /* Main.storyboard in Resources */ = {isa = PBXBuildFile; fileRef = 1540B12226B1CA2C00ADA09F /* Main.storyboard */; };
		1540B12726B1CA2C00ADA09F /* Actions_Outlets.xcdatamodeld in Sources */ = {isa = PBXBuildFile; fileRef = 1540B12526B1CA2C00ADA09F /* Actions_Outlets.xcdatamodeld */; };
		1540B12926B1CA3300ADA09F /* Assets.xcassets in Resources */ = {isa = PBXBuildFile; fileRef = 1540B12826B1CA3300ADA09F /* Assets.xcassets */; };
		1540B12C26B1CA3300ADA09F /* LaunchScreen.storyboard in Resources */ = {isa = PBXBuildFile; fileRef = 1540B12A26B1CA3300ADA09F /* LaunchScreen.storyboard */; };
		1540B13726B1CA3400ADA09F /* Actions_OutletsTests.swift in Sources */ = {isa = PBXBuildFile; fileRef = 1540B13626B1CA3400ADA09F /* Actions_OutletsTests.swift */; };
		1540B14226B1CA3400ADA09F /* Actions_OutletsUITests.swift in Sources */ = {isa = PBXBuildFile; fileRef = 1540B14126B1CA3400ADA09F /* Actions_OutletsUITests.swift */; };
/* End PBXBuildFile section */

/* Begin PBXContainerItemProxy section */
		1540B13326B1CA3400ADA09F /* PBXContainerItemProxy */ = {
			isa = PBXContainerItemProxy;
			containerPortal = 1540B11126B1CA2C00ADA09F /* Project object */;
			proxyType = 1;
			remoteGlobalIDString = 1540B11826B1CA2C00ADA09F;
			remoteInfo = "Actions&Outlets";
		};
		1540B13E26B1CA3400ADA09F /* PBXContainerItemProxy */ = {
			isa = PBXContainerItemProxy;
			containerPortal = 1540B11126B1CA2C00ADA09F /* Project object */;
			proxyType = 1;
			remoteGlobalIDString = 1540B11826B1CA2C00ADA09F;
			remoteInfo = "Actions&Outlets";
		};
/* End PBXContainerItemProxy section */

/* Begin PBXFileReference section */
		1540B11926B1CA2C00ADA09F /* Actions&Outlets.app */ = {isa = PBXFileReference; explicitFileType = wrapper.application; includeInIndex = 0; path = "Actions&Outlets.app"; sourceTree = BUILT_PRODUCTS_DIR; };
		1540B11C26B1CA2C00ADA09F /* AppDelegate.swift */ = {isa = PBXFileReference; lastKnownFileType = sourcecode.swift; path = AppDelegate.swift; sourceTree = "<group>"; };
		1540B11E26B1CA2C00ADA09F /* SceneDelegate.swift */ = {isa = PBXFileReference; lastKnownFileType = sourcecode.swift; path = SceneDelegate.swift; sourceTree = "<group>"; };
		1540B12026B1CA2C00ADA09F /* ViewController.swift */ = {isa = PBXFileReference; lastKnownFileType = sourcecode.swift; path = ViewController.swift; sourceTree = "<group>"; };
		1540B12326B1CA2C00ADA09F /* Base */ = {isa = PBXFileReference; lastKnownFileType = file.storyboard; name = Base; path = Base.lproj/Main.storyboard; sourceTree = "<group>"; };
		1540B12626B1CA2C00ADA09F /* Actions_Outlets.xcdatamodel */ = {isa = PBXFileReference; lastKnownFileType = wrapper.xcdatamodel; path = Actions_Outlets.xcdatamodel; sourceTree = "<group>"; };
		1540B12826B1CA3300ADA09F /* Assets.xcassets */ = {isa = PBXFileReference; lastKnownFileType = folder.assetcatalog; path = Assets.xcassets; sourceTree = "<group>"; };
		1540B12B26B1CA3300ADA09F /* Base */ = {isa = PBXFileReference; lastKnownFileType = file.storyboard; name = Base; path = Base.lproj/LaunchScreen.storyboard; sourceTree = "<group>"; };
		1540B12D26B1CA3300ADA09F /* Info.plist */ = {isa = PBXFileReference; lastKnownFileType = text.plist.xml; path = Info.plist; sourceTree = "<group>"; };
		1540B13226B1CA3400ADA09F /* Actions&OutletsTests.xctest */ = {isa = PBXFileReference; explicitFileType = wrapper.cfbundle; includeInIndex = 0; path = "Actions&OutletsTests.xctest"; sourceTree = BUILT_PRODUCTS_DIR; };
		1540B13626B1CA3400ADA09F /* Actions_OutletsTests.swift */ = {isa = PBXFileReference; lastKnownFileType = sourcecode.swift; path = Actions_OutletsTests.swift; sourceTree = "<group>"; };
		1540B13826B1CA3400ADA09F /* Info.plist */ = {isa = PBXFileReference; lastKnownFileType = text.plist.xml; path = Info.plist; sourceTree = "<group>"; };
		1540B13D26B1CA3400ADA09F /* Actions&OutletsUITests.xctest */ = {isa = PBXFileReference; explicitFileType = wrapper.cfbundle; includeInIndex = 0; path = "Actions&OutletsUITests.xctest"; sourceTree = BUILT_PRODUCTS_DIR; };
		1540B14126B1CA3400ADA09F /* Actions_OutletsUITests.swift */ = {isa = PBXFileReference; lastKnownFileType = sourcecode.swift; path = Actions_OutletsUITests.swift; sourceTree = "<group>"; };
		1540B14326B1CA3400ADA09F /* Info.plist */ = {isa = PBXFileReference; lastKnownFileType = text.plist.xml; path = Info.plist; sourceTree = "<group>"; };
/* End PBXFileReference section */

/* Begin PBXFrameworksBuildPhase section */
		1540B11626B1CA2C00ADA09F /* Frameworks */ = {
			isa = PBXFrameworksBuildPhase;
			buildActionMask = 2147483647;
			files = (
			);
			runOnlyForDeploymentPostprocessing = 0;
		};
		1540B12F26B1CA3400ADA09F /* Frameworks */ = {
			isa = PBXFrameworksBuildPhase;
			buildActionMask = 2147483647;
			files = (
			);
			runOnlyForDeploymentPostprocessing = 0;
		};
		1540B13A26B1CA3400ADA09F /* Frameworks */ = {
			isa = PBXFrameworksBuildPhase;
			buildActionMask = 2147483647;
			files = (
			);
			runOnlyForDeploymentPostprocessing = 0;
		};
/* End PBXFrameworksBuildPhase section */

/* Begin PBXGroup section */
		1540B11026B1CA2C00ADA09F = {
			isa = PBXGroup;
			children = (
				1540B11B26B1CA2C00ADA09F /* Actions&Outlets */,
				1540B13526B1CA3400ADA09F /* Actions&OutletsTests */,
				1540B14026B1CA3400ADA09F /* Actions&OutletsUITests */,
				1540B11A26B1CA2C00ADA09F /* Products */,
			);
			sourceTree = "<group>";
		};
		1540B11A26B1CA2C00ADA09F /* Products */ = {
			isa = PBXGroup;
			children = (
				1540B11926B1CA2C00ADA09F /* Actions&Outlets.app */,
				1540B13226B1CA3400ADA09F /* Actions&OutletsTests.xctest */,
				1540B13D26B1CA3400ADA09F /* Actions&OutletsUITests.xctest */,
			);
			name = Products;
			sourceTree = "<group>";
		};
		1540B11B26B1CA2C00ADA09F /* Actions&Outlets */ = {
			isa = PBXGroup;
			children = (
				1540B11C26B1CA2C00ADA09F /* AppDelegate.swift */,
				1540B11E26B1CA2C00ADA09F /* SceneDelegate.swift */,
				1540B12026B1CA2C00ADA09F /* ViewController.swift */,
				1540B12226B1CA2C00ADA09F /* Main.storyboard */,
				1540B12826B1CA3300ADA09F /* Assets.xcassets */,
				1540B12A26B1CA3300ADA09F /* LaunchScreen.storyboard */,
				1540B12D26B1CA3300ADA09F /* Info.plist */,
				1540B12526B1CA2C00ADA09F /* Actions_Outlets.xcdatamodeld */,
			);
			path = "Actions&Outlets";
			sourceTree = "<group>";
		};
		1540B13526B1CA3400ADA09F /* Actions&OutletsTests */ = {
			isa = PBXGroup;
			children = (
				1540B13626B1CA3400ADA09F /* Actions_OutletsTests.swift */,
				1540B13826B1CA3400ADA09F /* Info.plist */,
			);
			path = "Actions&OutletsTests";
			sourceTree = "<group>";
		};
		1540B14026B1CA3400ADA09F /* Actions&OutletsUITests */ = {
			isa = PBXGroup;
			children = (
				1540B14126B1CA3400ADA09F /* Actions_OutletsUITests.swift */,
				1540B14326B1CA3400ADA09F /* Info.plist */,
			);
			path = "Actions&OutletsUITests";
			sourceTree = "<group>";
		};
/* End PBXGroup section */

/* Begin PBXNativeTarget section */
		1540B11826B1CA2C00ADA09F /* Actions&Outlets */ = {
			isa = PBXNativeTarget;
			buildConfigurationList = 1540B14626B1CA3400ADA09F /* Build configuration list for PBXNativeTarget "Actions&Outlets" */;
			buildPhases = (
				1540B11526B1CA2C00ADA09F /* Sources */,
				1540B11626B1CA2C00ADA09F /* Frameworks */,
				1540B11726B1CA2C00ADA09F /* Resources */,
			);
			buildRules = (
			);
			dependencies = (
			);
			name = "Actions&Outlets";
			productName = "Actions&Outlets";
			productReference = 1540B11926B1CA2C00ADA09F /* Actions&Outlets.app */;
			productType = "com.apple.product-type.application";
		};
		1540B13126B1CA3400ADA09F /* Actions&OutletsTests */ = {
			isa = PBXNativeTarget;
			buildConfigurationList = 1540B14926B1CA3400ADA09F /* Build configuration list for PBXNativeTarget "Actions&OutletsTests" */;
			buildPhases = (
				1540B12E26B1CA3400ADA09F /* Sources */,
				1540B12F26B1CA3400ADA09F /* Frameworks */,
				1540B13026B1CA3400ADA09F /* Resources */,
			);
			buildRules = (
			);
			dependencies = (
				1540B13426B1CA3400ADA09F /* PBXTargetDependency */,
			);
			name = "Actions&OutletsTests";
			productName = "Actions&OutletsTests";
			productReference = 1540B13226B1CA3400ADA09F /* Actions&OutletsTests.xctest */;
			productType = "com.apple.product-type.bundle.unit-test";
		};
		1540B13C26B1CA3400ADA09F /* Actions&OutletsUITests */ = {
			isa = PBXNativeTarget;
			buildConfigurationList = 1540B14C26B1CA3400ADA09F /* Build configuration list for PBXNativeTarget "Actions&OutletsUITests" */;
			buildPhases = (
				1540B13926B1CA3400ADA09F /* Sources */,
				1540B13A26B1CA3400ADA09F /* Frameworks */,
				1540B13B26B1CA3400ADA09F /* Resources */,
			);
			buildRules = (
			);
			dependencies = (
				1540B13F26B1CA3400ADA09F /* PBXTargetDependency */,
			);
			name = "Actions&OutletsUITests";
			productName = "Actions&OutletsUITests";
			productReference = 1540B13D26B1CA3400ADA09F /* Actions&OutletsUITests.xctest */;
			productType = "com.apple.product-type.bundle.ui-testing";
		};
/* End PBXNativeTarget section */

/* Begin PBXProject section */
		1540B11126B1CA2C00ADA09F /* Project object */ = {
			isa = PBXProject;
			attributes = {
				LastSwiftUpdateCheck = 1250;
				LastUpgradeCheck = 1250;
				TargetAttributes = {
					1540B11826B1CA2C00ADA09F = {
						CreatedOnToolsVersion = 12.5.1;
					};
					1540B13126B1CA3400ADA09F = {
						CreatedOnToolsVersion = 12.5.1;
						TestTargetID = 1540B11826B1CA2C00ADA09F;
					};
					1540B13C26B1CA3400ADA09F = {
						CreatedOnToolsVersion = 12.5.1;
						TestTargetID = 1540B11826B1CA2C00ADA09F;
					};
				};
			};
			buildConfigurationList = 1540B11426B1CA2C00ADA09F /* Build configuration list for PBXProject "Actions&Outlets" */;
			compatibilityVersion = "Xcode 9.3";
			developmentRegion = en;
			hasScannedForEncodings = 0;
			knownRegions = (
				en,
				Base,
			);
			mainGroup = 1540B11026B1CA2C00ADA09F;
			productRefGroup = 1540B11A26B1CA2C00ADA09F /* Products */;
			projectDirPath = "";
			projectRoot = "";
			targets = (
				1540B11826B1CA2C00ADA09F /* Actions&Outlets */,
				1540B13126B1CA3400ADA09F /* Actions&OutletsTests */,
				1540B13C26B1CA3400ADA09F /* Actions&OutletsUITests */,
			);
		};
/* End PBXProject section */

/* Begin PBXResourcesBuildPhase section */
		1540B11726B1CA2C00ADA09F /* Resources */ = {
			isa = PBXResourcesBuildPhase;
			buildActionMask = 2147483647;
			files = (
				1540B12C26B1CA3300ADA09F /* LaunchScreen.storyboard in Resources */,
				1540B12926B1CA3300ADA09F /* Assets.xcassets in Resources */,
				1540B12426B1CA2C00ADA09F /* Main.storyboard in Resources */,
			);
			runOnlyForDeploymentPostprocessing = 0;
		};
		1540B13026B1CA3400ADA09F /* Resources */ = {
			isa = PBXResourcesBuildPhase;
			buildActionMask = 2147483647;
			files = (
			);
			runOnlyForDeploymentPostprocessing = 0;
		};
		1540B13B26B1CA3400ADA09F /* Resources */ = {
			isa = PBXResourcesBuildPhase;
			buildActionMask = 2147483647;
			files = (
			);
			runOnlyForDeploymentPostprocessing = 0;
		};
/* End PBXResourcesBuildPhase section */

/* Begin PBXSourcesBuildPhase section */
		1540B11526B1CA2C00ADA09F /* Sources */ = {
			isa = PBXSourcesBuildPhase;
			buildActionMask = 2147483647;
			files = (
				1540B12726B1CA2C00ADA09F /* Actions_Outlets.xcdatamodeld in Sources */,
				1540B12126B1CA2C00ADA09F /* ViewController.swift in Sources */,
				1540B11D26B1CA2C00ADA09F /* AppDelegate.swift in Sources */,
				1540B11F26B1CA2C00ADA09F /* SceneDelegate.swift in Sources */,
			);
			runOnlyForDeploymentPostprocessing = 0;
		};
		1540B12E26B1CA3400ADA09F /* Sources */ = {
			isa = PBXSourcesBuildPhase;
			buildActionMask = 2147483647;
			files = (
				1540B13726B1CA3400ADA09F /* Actions_OutletsTests.swift in Sources */,
			);
			runOnlyForDeploymentPostprocessing = 0;
		};
		1540B13926B1CA3400ADA09F /* Sources */ = {
			isa = PBXSourcesBuildPhase;
			buildActionMask = 2147483647;
			files = (
				1540B14226B1CA3400ADA09F /* Actions_OutletsUITests.swift in Sources */,
			);
			runOnlyForDeploymentPostprocessing = 0;
		};
/* End PBXSourcesBuildPhase section */

/* Begin PBXTargetDependency section */
		1540B13426B1CA3400ADA09F /* PBXTargetDependency */ = {
			isa = PBXTargetDependency;
			target = 1540B11826B1CA2C00ADA09F /* Actions&Outlets */;
			targetProxy = 1540B13326B1CA3400ADA09F /* PBXContainerItemProxy */;
		};
		1540B13F26B1CA3400ADA09F /* PBXTargetDependency */ = {
			isa = PBXTargetDependency;
			target = 1540B11826B1CA2C00ADA09F /* Actions&Outlets */;
			targetProxy = 1540B13E26B1CA3400ADA09F /* PBXContainerItemProxy */;
		};
/* End PBXTargetDependency section */

/* Begin PBXVariantGroup section */
		1540B12226B1CA2C00ADA09F /* Main.storyboard */ = {
			isa = PBXVariantGroup;
			children = (
				1540B12326B1CA2C00ADA09F /* Base */,
			);
			name = Main.storyboard;
			sourceTree = "<group>";
		};
		1540B12A26B1CA3300ADA09F /* LaunchScreen.storyboard */ = {
			isa = PBXVariantGroup;
			children = (
				1540B12B26B1CA3300ADA09F /* Base */,
			);
			name = LaunchScreen.storyboard;
			sourceTree = "<group>";
		};
/* End PBXVariantGroup section */

/* Begin XCBuildConfiguration section */
		1540B14426B1CA3400ADA09F /* Debug */ = {
			isa = XCBuildConfiguration;
			buildSettings = {
				ALWAYS_SEARCH_USER_PATHS = NO;
				CLANG_ANALYZER_NONNULL = YES;
				CLANG_ANALYZER_NUMBER_OBJECT_CONVERSION = YES_AGGRESSIVE;
				CLANG_CXX_LANGUAGE_STANDARD = "gnu++14";
				CLANG_CXX_LIBRARY = "libc++";
				CLANG_ENABLE_MODULES = YES;
				CLANG_ENABLE_OBJC_ARC = YES;
				CLANG_ENABLE_OBJC_WEAK = YES;
				CLANG_WARN_BLOCK_CAPTURE_AUTORELEASING = YES;
				CLANG_WARN_BOOL_CONVERSION = YES;
				CLANG_WARN_COMMA = YES;
				CLANG_WARN_CONSTANT_CONVERSION = YES;
				CLANG_WARN_DEPRECATED_OBJC_IMPLEMENTATIONS = YES;
				CLANG_WARN_DIRECT_OBJC_ISA_USAGE = YES_ERROR;
				CLANG_WARN_DOCUMENTATION_COMMENTS = YES;
				CLANG_WARN_EMPTY_BODY = YES;
				CLANG_WARN_ENUM_CONVERSION = YES;
				CLANG_WARN_INFINITE_RECURSION = YES;
				CLANG_WARN_INT_CONVERSION = YES;
				CLANG_WARN_NON_LITERAL_NULL_CONVERSION = YES;
				CLANG_WARN_OBJC_IMPLICIT_RETAIN_SELF = YES;
				CLANG_WARN_OBJC_LITERAL_CONVERSION = YES;
				CLANG_WARN_OBJC_ROOT_CLASS = YES_ERROR;
				CLANG_WARN_QUOTED_INCLUDE_IN_FRAMEWORK_HEADER = YES;
				CLANG_WARN_RANGE_LOOP_ANALYSIS = YES;
				CLANG_WARN_STRICT_PROTOTYPES = YES;
				CLANG_WARN_SUSPICIOUS_MOVE = YES;
				CLANG_WARN_UNGUARDED_AVAILABILITY = YES_AGGRESSIVE;
				CLANG_WARN_UNREACHABLE_CODE = YES;
				CLANG_WARN__DUPLICATE_METHOD_MATCH = YES;
				COPY_PHASE_STRIP = NO;
				DEBUG_INFORMATION_FORMAT = dwarf;
				ENABLE_STRICT_OBJC_MSGSEND = YES;
				ENABLE_TESTABILITY = YES;
				GCC_C_LANGUAGE_STANDARD = gnu11;
				GCC_DYNAMIC_NO_PIC = NO;
				GCC_NO_COMMON_BLOCKS = YES;
				GCC_OPTIMIZATION_LEVEL = 0;
				GCC_PREPROCESSOR_DEFINITIONS = (
					"DEBUG=1",
					"$(inherited)",
				);
				GCC_WARN_64_TO_32_BIT_CONVERSION = YES;
				GCC_WARN_ABOUT_RETURN_TYPE = YES_ERROR;
				GCC_WARN_UNDECLARED_SELECTOR = YES;
				GCC_WARN_UNINITIALIZED_AUTOS = YES_AGGRESSIVE;
				GCC_WARN_UNUSED_FUNCTION = YES;
				GCC_WARN_UNUSED_VARIABLE = YES;
				IPHONEOS_DEPLOYMENT_TARGET = 14.5;
				MTL_ENABLE_DEBUG_INFO = INCLUDE_SOURCE;
				MTL_FAST_MATH = YES;
				ONLY_ACTIVE_ARCH = YES;
				SDKROOT = iphoneos;
				SWIFT_ACTIVE_COMPILATION_CONDITIONS = DEBUG;
				SWIFT_OPTIMIZATION_LEVEL = "-Onone";
			};
			name = Debug;
		};
		1540B14526B1CA3400ADA09F /* Release */ = {
			isa = XCBuildConfiguration;
			buildSettings = {
				ALWAYS_SEARCH_USER_PATHS = NO;
				CLANG_ANALYZER_NONNULL = YES;
				CLANG_ANALYZER_NUMBER_OBJECT_CONVERSION = YES_AGGRESSIVE;
				CLANG_CXX_LANGUAGE_STANDARD = "gnu++14";
				CLANG_CXX_LIBRARY = "libc++";
				CLANG_ENABLE_MODULES = YES;
				CLANG_ENABLE_OBJC_ARC = YES;
				CLANG_ENABLE_OBJC_WEAK = YES;
				CLANG_WARN_BLOCK_CAPTURE_AUTORELEASING = YES;
				CLANG_WARN_BOOL_CONVERSION = YES;
				CLANG_WARN_COMMA = YES;
				CLANG_WARN_CONSTANT_CONVERSION = YES;
				CLANG_WARN_DEPRECATED_OBJC_IMPLEMENTATIONS = YES;
				CLANG_WARN_DIRECT_OBJC_ISA_USAGE = YES_ERROR;
				CLANG_WARN_DOCUMENTATION_COMMENTS = YES;
				CLANG_WARN_EMPTY_BODY = YES;
				CLANG_WARN_ENUM_CONVERSION = YES;
				CLANG_WARN_INFINITE_RECURSION = YES;
				CLANG_WARN_INT_CONVERSION = YES;
				CLANG_WARN_NON_LITERAL_NULL_CONVERSION = YES;
				CLANG_WARN_OBJC_IMPLICIT_RETAIN_SELF = YES;
				CLANG_WARN_OBJC_LITERAL_CONVERSION = YES;
				CLANG_WARN_OBJC_ROOT_CLASS = YES_ERROR;
				CLANG_WARN_QUOTED_INCLUDE_IN_FRAMEWORK_HEADER = YES;
				CLANG_WARN_RANGE_LOOP_ANALYSIS = YES;
				CLANG_WARN_STRICT_PROTOTYPES = YES;
				CLANG_WARN_SUSPICIOUS_MOVE = YES;
				CLANG_WARN_UNGUARDED_AVAILABILITY = YES_AGGRESSIVE;
				CLANG_WARN_UNREACHABLE_CODE = YES;
				CLANG_WARN__DUPLICATE_METHOD_MATCH = YES;
				COPY_PHASE_STRIP = NO;
				DEBUG_INFORMATION_FORMAT = "dwarf-with-dsym";
				ENABLE_NS_ASSERTIONS = NO;
				ENABLE_STRICT_OBJC_MSGSEND = YES;
				GCC_C_LANGUAGE_STANDARD = gnu11;
				GCC_NO_COMMON_BLOCKS = YES;
				GCC_WARN_64_TO_32_BIT_CONVERSION = YES;
				GCC_WARN_ABOUT_RETURN_TYPE = YES_ERROR;
				GCC_WARN_UNDECLARED_SELECTOR = YES;
				GCC_WARN_UNINITIALIZED_AUTOS = YES_AGGRESSIVE;
				GCC_WARN_UNUSED_FUNCTION = YES;
				GCC_WARN_UNUSED_VARIABLE = YES;
				IPHONEOS_DEPLOYMENT_TARGET = 14.5;
				MTL_ENABLE_DEBUG_INFO = NO;
				MTL_FAST_MATH = YES;
				SDKROOT = iphoneos;
				SWIFT_COMPILATION_MODE = wholemodule;
				SWIFT_OPTIMIZATION_LEVEL = "-O";
				VALIDATE_PRODUCT = YES;
			};
			name = Release;
		};
		1540B14726B1CA3400ADA09F /* Debug */ = {
			isa = XCBuildConfiguration;
			buildSettings = {
				ASSETCATALOG_COMPILER_APPICON_NAME = AppIcon;
				ASSETCATALOG_COMPILER_GLOBAL_ACCENT_COLOR_NAME = AccentColor;
				CODE_SIGN_STYLE = Automatic;
				INFOPLIST_FILE = "Actions&Outlets/Info.plist";
				LD_RUNPATH_SEARCH_PATHS = (
					"$(inherited)",
					"@executable_path/Frameworks",
				);
				PRODUCT_BUNDLE_IDENTIFIER = "KWK.Actions-Outlets";
				PRODUCT_NAME = "$(TARGET_NAME)";
				SWIFT_VERSION = 5.0;
				TARGETED_DEVICE_FAMILY = "1,2";
			};
			name = Debug;
		};
		1540B14826B1CA3400ADA09F /* Release */ = {
			isa = XCBuildConfiguration;
			buildSettings = {
				ASSETCATALOG_COMPILER_APPICON_NAME = AppIcon;
				ASSETCATALOG_COMPILER_GLOBAL_ACCENT_COLOR_NAME = AccentColor;
				CODE_SIGN_STYLE = Automatic;
				INFOPLIST_FILE = "Actions&Outlets/Info.plist";
				LD_RUNPATH_SEARCH_PATHS = (
					"$(inherited)",
					"@executable_path/Frameworks",
				);
				PRODUCT_BUNDLE_IDENTIFIER = "KWK.Actions-Outlets";
				PRODUCT_NAME = "$(TARGET_NAME)";
				SWIFT_VERSION = 5.0;
				TARGETED_DEVICE_FAMILY = "1,2";
			};
			name = Release;
		};
		1540B14A26B1CA3400ADA09F /* Debug */ = {
			isa = XCBuildConfiguration;
			buildSettings = {
				ALWAYS_EMBED_SWIFT_STANDARD_LIBRARIES = YES;
				BUNDLE_LOADER = "$(TEST_HOST)";
				CODE_SIGN_STYLE = Automatic;
				INFOPLIST_FILE = "Actions&OutletsTests/Info.plist";
				IPHONEOS_DEPLOYMENT_TARGET = 14.5;
				LD_RUNPATH_SEARCH_PATHS = (
					"$(inherited)",
					"@executable_path/Frameworks",
					"@loader_path/Frameworks",
				);
				PRODUCT_BUNDLE_IDENTIFIER = "KWK.Actions-OutletsTests";
				PRODUCT_NAME = "$(TARGET_NAME)";
				SWIFT_VERSION = 5.0;
				TARGETED_DEVICE_FAMILY = "1,2";
				TEST_HOST = "$(BUILT_PRODUCTS_DIR)/Actions&Outlets.app/Actions&Outlets";
			};
			name = Debug;
		};
		1540B14B26B1CA3400ADA09F /* Release */ = {
			isa = XCBuildConfiguration;
			buildSettings = {
				ALWAYS_EMBED_SWIFT_STANDARD_LIBRARIES = YES;
				BUNDLE_LOADER = "$(TEST_HOST)";
				CODE_SIGN_STYLE = Automatic;
				INFOPLIST_FILE = "Actions&OutletsTests/Info.plist";
				IPHONEOS_DEPLOYMENT_TARGET = 14.5;
				LD_RUNPATH_SEARCH_PATHS = (
					"$(inherited)",
					"@executable_path/Frameworks",
					"@loader_path/Frameworks",
				);
				PRODUCT_BUNDLE_IDENTIFIER = "KWK.Actions-OutletsTests";
				PRODUCT_NAME = "$(TARGET_NAME)";
				SWIFT_VERSION = 5.0;
				TARGETED_DEVICE_FAMILY = "1,2";
				TEST_HOST = "$(BUILT_PRODUCTS_DIR)/Actions&Outlets.app/Actions&Outlets";
			};
			name = Release;
		};
		1540B14D26B1CA3400ADA09F /* Debug */ = {
			isa = XCBuildConfiguration;
			buildSettings = {
				ALWAYS_EMBED_SWIFT_STANDARD_LIBRARIES = YES;
				CODE_SIGN_STYLE = Automatic;
				INFOPLIST_FILE = "Actions&OutletsUITests/Info.plist";
				LD_RUNPATH_SEARCH_PATHS = (
					"$(inherited)",
					"@executable_path/Frameworks",
					"@loader_path/Frameworks",
				);
				PRODUCT_BUNDLE_IDENTIFIER = "KWK.Actions-OutletsUITests";
				PRODUCT_NAME = "$(TARGET_NAME)";
				SWIFT_VERSION = 5.0;
				TARGETED_DEVICE_FAMILY = "1,2";
				TEST_TARGET_NAME = "Actions&Outlets";
			};
			name = Debug;
		};
		1540B14E26B1CA3400ADA09F /* Release */ = {
			isa = XCBuildConfiguration;
			buildSettings = {
				ALWAYS_EMBED_SWIFT_STANDARD_LIBRARIES = YES;
				CODE_SIGN_STYLE = Automatic;
				INFOPLIST_FILE = "Actions&OutletsUITests/Info.plist";
				LD_RUNPATH_SEARCH_PATHS = (
					"$(inherited)",
					"@executable_path/Frameworks",
					"@loader_path/Frameworks",
				);
				PRODUCT_BUNDLE_IDENTIFIER = "KWK.Actions-OutletsUITests";
				PRODUCT_NAME = "$(TARGET_NAME)";
				SWIFT_VERSION = 5.0;
				TARGETED_DEVICE_FAMILY = "1,2";
				TEST_TARGET_NAME = "Actions&Outlets";
			};
			name = Release;
		};
/* End XCBuildConfiguration section */

/* Begin XCConfigurationList section */
		1540B11426B1CA2C00ADA09F /* Build configuration list for PBXProject "Actions&Outlets" */ = {
			isa = XCConfigurationList;
			buildConfigurations = (
				1540B14426B1CA3400ADA09F /* Debug */,
				1540B14526B1CA3400ADA09F /* Release */,
			);
			defaultConfigurationIsVisible = 0;
			defaultConfigurationName = Release;
		};
		1540B14626B1CA3400ADA09F /* Build configuration list for PBXNativeTarget "Actions&Outlets" */ = {
			isa = XCConfigurationList;
			buildConfigurations = (
				1540B14726B1CA3400ADA09F /* Debug */,
				1540B14826B1CA3400ADA09F /* Release */,
			);
			defaultConfigurationIsVisible = 0;
			defaultConfigurationName = Release;
		};
		1540B14926B1CA3400ADA09F /* Build configuration list for PBXNativeTarget "Actions&OutletsTests" */ = {
			isa = XCConfigurationList;
			buildConfigurations = (
				1540B14A26B1CA3400ADA09F /* Debug */,
				1540B14B26B1CA3400ADA09F /* Release */,
			);
			defaultConfigurationIsVisible = 0;
			defaultConfigurationName = Release;
		};
		1540B14C26B1CA3400ADA09F /* Build configuration list for PBXNativeTarget "Actions&OutletsUITests" */ = {
			isa = XCConfigurationList;
			buildConfigurations = (
				1540B14D26B1CA3400ADA09F /* Debug */,
				1540B14E26B1CA3400ADA09F /* Release */,
			);
			defaultConfigurationIsVisible = 0;
			defaultConfigurationName = Release;
		};
/* End XCConfigurationList section */

/* Begin XCVersionGroup section */
		1540B12526B1CA2C00ADA09F /* Actions_Outlets.xcdatamodeld */ = {
			isa = XCVersionGroup;
			children = (
				1540B12626B1CA2C00ADA09F /* Actions_Outlets.xcdatamodel */,
			);
			currentVersion = 1540B12626B1CA2C00ADA09F /* Actions_Outlets.xcdatamodel */;
			path = Actions_Outlets.xcdatamodeld;
			sourceTree = "<group>";
			versionGroupType = wrapper.xcdatamodel;
		};
/* End XCVersionGroup section */
	};
	rootObject = 1540B11126B1CA2C00ADA09F /* Project object */;
}
